
Microsoft Visual Studio Solution File, Format Version 12.00
# Visual Studio 15
VisualStudioVersion = 15.0.26403.7
MinimumVisualStudioVersion = 10.0.40219.1
Project("{FAE04EC0-301F-11D3-BF4B-00C04F79EFBC}") = "01. Centuries to Minutes", "Data Types and Variables\01. Centuries to Minutes.csproj", "{B86BF3D8-CA2D-47A3-9DA6-ACE9EAE95393}"
EndProject
Project("{FAE04EC0-301F-11D3-BF4B-00C04F79EFBC}") = "02. Circle Area", "02. Circle Area\02. Circle Area.csproj", "{D4E4FF0D-02AC-4ECE-8C9B-9BDB65860AF5}"
EndProject
Project("{FAE04EC0-301F-11D3-BF4B-00C04F79EFBC}") = "03. Exact Sum of Real Nu", "03. Exact Sum of Real Nu\03. Exact Sum of Real Nu.csproj", "{F8CE6DBE-7489-48A6-A97D-8843FE4A0238}"
EndProject
Project("{FAE04EC0-301F-11D3-BF4B-00C04F79EFBC}") = "04. Elevator", "04. Elevator\04. Elevator.csproj", "{F9B741AC-F736-4F66-B665-E6DE3956BE4B}"
EndProject
Project("{FAE04EC0-301F-11D3-BF4B-00C04F79EFBC}") = "05. Special Numbers", "05. Special Numbers\05. Special Numbers.csproj", "{0A27174C-E92A-4179-A932-7DAEA1449904}"
EndProject
Project("{FAE04EC0-301F-11D3-BF4B-00C04F79EFBC}") = "06. Triples of Letters", "06. Triples of Letters\06. Triples of Letters.csproj", "{1B720416-CC34-42DF-8852-B4ED792FD714}"
EndProject
Project("{FAE04EC0-301F-11D3-BF4B-00C04F79EFBC}") = "07. Greeting", "07. Greeting\07. Greeting.csproj", "{062EAD3B-2007-429B-8312-7F6C136EDDE7}"
EndProject
Project("{FAE04EC0-301F-11D3-BF4B-00C04F79EFBC}") = "08. Refactor Volume of Py", "08. Refactor Volume of Py\08. Refactor Volume of Py.csproj", "{B0340448-0972-49E4-87F5-C8C6274A3ADA}"
EndProject
Project("{FAE04EC0-301F-11D3-BF4B-00C04F79EFBC}") = "09. Refactor Special Numb", "09. Refactor Special Numb\09. Refactor Special Numb.csproj", "{E45CC03D-2EBD-4B3E-BC2C-DE461E4EE11B}"
EndProject
Project("{FAE04EC0-301F-11D3-BF4B-00C04F79EFBC}") = "test", "test\test.csproj", "{6D9A3054-2D72-47FB-A7D2-BB6B1D92E63B}"
EndProject
Global
	GlobalSection(SolutionConfigurationPlatforms) = preSolution
		Debug|Any CPU = Debug|Any CPU
		Release|Any CPU = Release|Any CPU
	EndGlobalSection
	GlobalSection(ProjectConfigurationPlatforms) = postSolution
		{B86BF3D8-CA2D-47A3-9DA6-ACE9EAE95393}.Debug|Any CPU.ActiveCfg = Debug|Any CPU
		{B86BF3D8-CA2D-47A3-9DA6-ACE9EAE95393}.Debug|Any CPU.Build.0 = Debug|Any CPU
		{B86BF3D8-CA2D-47A3-9DA6-ACE9EAE95393}.Release|Any CPU.ActiveCfg = Release|Any CPU
		{B86BF3D8-CA2D-47A3-9DA6-ACE9EAE95393}.Release|Any CPU.Build.0 = Release|Any CPU
		{D4E4FF0D-02AC-4ECE-8C9B-9BDB65860AF5}.Debug|Any CPU.ActiveCfg = Debug|Any CPU
		{D4E4FF0D-02AC-4ECE-8C9B-9BDB65860AF5}.Debug|Any CPU.Build.0 = Debug|Any CPU
		{D4E4FF0D-02AC-4ECE-8C9B-9BDB65860AF5}.Release|Any CPU.ActiveCfg = Release|Any CPU
		{D4E4FF0D-02AC-4ECE-8C9B-9BDB65860AF5}.Release|Any CPU.Build.0 = Release|Any CPU
		{F8CE6DBE-7489-48A6-A97D-8843FE4A0238}.Debug|Any CPU.ActiveCfg = Debug|Any CPU
		{F8CE6DBE-7489-48A6-A97D-8843FE4A0238}.Debug|Any CPU.Build.0 = Debug|Any CPU
		{F8CE6DBE-7489-48A6-A97D-8843FE4A0238}.Release|Any CPU.ActiveCfg = Release|Any CPU
		{F8CE6DBE-7489-48A6-A97D-8843FE4A0238}.Release|Any CPU.Build.0 = Release|Any CPU
		{F9B741AC-F736-4F66-B665-E6DE3956BE4B}.Debug|Any CPU.ActiveCfg = Debug|Any CPU
		{F9B741AC-F736-4F66-B665-E6DE3956BE4B}.Debug|Any CPU.Build.0 = Debug|Any CPU
		{F9B741AC-F736-4F66-B665-E6DE3956BE4B}.Release|Any CPU.ActiveCfg = Release|Any CPU
		{F9B741AC-F736-4F66-B665-E6DE3956BE4B}.Release|Any CPU.Build.0 = Release|Any CPU
		{0A27174C-E92A-4179-A932-7DAEA1449904}.Debug|Any CPU.ActiveCfg = Debug|Any CPU
		{0A27174C-E92A-4179-A932-7DAEA1449904}.Debug|Any CPU.Build.0 = Debug|Any CPU
		{0A27174C-E92A-4179-A932-7DAEA1449904}.Release|Any CPU.ActiveCfg = Release|Any CPU
		{0A27174C-E92A-4179-A932-7DAEA1449904}.Release|Any CPU.Build.0 = Release|Any CPU
		{1B720416-CC34-42DF-8852-B4ED792FD714}.Debug|Any CPU.ActiveCfg = Debug|Any CPU
		{1B720416-CC34-42DF-8852-B4ED792FD714}.Debug|Any CPU.Build.0 = Debug|Any CPU
		{1B720416-CC34-42DF-8852-B4ED792FD714}.Release|Any CPU.ActiveCfg = Release|Any CPU
		{1B720416-CC34-42DF-8852-B4ED792FD714}.Release|Any CPU.Build.0 = Release|Any CPU
		{062EAD3B-2007-429B-8312-7F6C136EDDE7}.Debug|Any CPU.ActiveCfg = Debug|Any CPU
		{062EAD3B-2007-429B-8312-7F6C136EDDE7}.Debug|Any CPU.Build.0 = Debug|Any CPU
		{062EAD3B-2007-429B-8312-7F6C136EDDE7}.Release|Any CPU.ActiveCfg = Release|Any CPU
		{062EAD3B-2007-429B-8312-7F6C136EDDE7}.Release|Any CPU.Build.0 = Release|Any CPU
		{B0340448-0972-49E4-87F5-C8C6274A3ADA}.Debug|Any CPU.ActiveCfg = Debug|Any CPU
		{B0340448-0972-49E4-87F5-C8C6274A3ADA}.Debug|Any CPU.Build.0 = Debug|Any CPU
		{B0340448-0972-49E4-87F5-C8C6274A3ADA}.Release|Any CPU.ActiveCfg = Release|Any CPU
		{B0340448-0972-49E4-87F5-C8C6274A3ADA}.Release|Any CPU.Build.0 = Release|Any CPU
		{E45CC03D-2EBD-4B3E-BC2C-DE461E4EE11B}.Debug|Any CPU.ActiveCfg = Debug|Any CPU
		{E45CC03D-2EBD-4B3E-BC2C-DE461E4EE11B}.Debug|Any CPU.Build.0 = Debug|Any CPU
		{E45CC03D-2EBD-4B3E-BC2C-DE461E4EE11B}.Release|Any CPU.ActiveCfg = Release|Any CPU
		{E45CC03D-2EBD-4B3E-BC2C-DE461E4EE11B}.Release|Any CPU.Build.0 = Release|Any CPU
		{6D9A3054-2D72-47FB-A7D2-BB6B1D92E63B}.Debug|Any CPU.ActiveCfg = Debug|Any CPU
		{6D9A3054-2D72-47FB-A7D2-BB6B1D92E63B}.Debug|Any CPU.Build.0 = Debug|Any CPU
		{6D9A3054-2D72-47FB-A7D2-BB6B1D92E63B}.Release|Any CPU.ActiveCfg = Release|Any CPU
		{6D9A3054-2D72-47FB-A7D2-BB6B1D92E63B}.Release|Any CPU.Build.0 = Release|Any CPU
	EndGlobalSection
	GlobalSection(SolutionProperties) = preSolution
		HideSolutionNode = FALSE
	EndGlobalSection
EndGlobal
