
Microsoft Visual Studio Solution File, Format Version 12.00
# Visual Studio 15
VisualStudioVersion = 15.0.26403.3
MinimumVisualStudioVersion = 10.0.40219.1
Project("{FAE04EC0-301F-11D3-BF4B-00C04F79EFBC}") = "01.Greating", "01.Greating\01.Greating.csproj", "{54CEEE6C-42FA-4259-83F4-F42A2A2843A3}"
EndProject
Project("{FAE04EC0-301F-11D3-BF4B-00C04F79EFBC}") = "02.Add Two Numbers", "02.Add Two Numbers\02.Add Two Numbers.csproj", "{4FF00351-238E-4A44-BFD3-AEB9CA1EFC08}"
EndProject
Project("{FAE04EC0-301F-11D3-BF4B-00C04F79EFBC}") = "03.Employee Data", "03.Employee Data\03.Employee Data.csproj", "{A6D529BB-1186-4096-8E0D-676D46E06852}"
EndProject
Global
	GlobalSection(SolutionConfigurationPlatforms) = preSolution
		Debug|Any CPU = Debug|Any CPU
		Release|Any CPU = Release|Any CPU
	EndGlobalSection
	GlobalSection(ProjectConfigurationPlatforms) = postSolution
		{54CEEE6C-42FA-4259-83F4-F42A2A2843A3}.Debug|Any CPU.ActiveCfg = Debug|Any CPU
		{54CEEE6C-42FA-4259-83F4-F42A2A2843A3}.Debug|Any CPU.Build.0 = Debug|Any CPU
		{54CEEE6C-42FA-4259-83F4-F42A2A2843A3}.Release|Any CPU.ActiveCfg = Release|Any CPU
		{54CEEE6C-42FA-4259-83F4-F42A2A2843A3}.Release|Any CPU.Build.0 = Release|Any CPU
		{4FF00351-238E-4A44-BFD3-AEB9CA1EFC08}.Debug|Any CPU.ActiveCfg = Debug|Any CPU
		{4FF00351-238E-4A44-BFD3-AEB9CA1EFC08}.Debug|Any CPU.Build.0 = Debug|Any CPU
		{4FF00351-238E-4A44-BFD3-AEB9CA1EFC08}.Release|Any CPU.ActiveCfg = Release|Any CPU
		{4FF00351-238E-4A44-BFD3-AEB9CA1EFC08}.Release|Any CPU.Build.0 = Release|Any CPU
		{A6D529BB-1186-4096-8E0D-676D46E06852}.Debug|Any CPU.ActiveCfg = Debug|Any CPU
		{A6D529BB-1186-4096-8E0D-676D46E06852}.Debug|Any CPU.Build.0 = Debug|Any CPU
		{A6D529BB-1186-4096-8E0D-676D46E06852}.Release|Any CPU.ActiveCfg = Release|Any CPU
		{A6D529BB-1186-4096-8E0D-676D46E06852}.Release|Any CPU.Build.0 = Release|Any CPU
	EndGlobalSection
	GlobalSection(SolutionProperties) = preSolution
		HideSolutionNode = FALSE
	EndGlobalSection
EndGlobal
