
Microsoft Visual Studio Solution File, Format Version 12.00
# Visual Studio 15
VisualStudioVersion = 15.0.26403.7
MinimumVisualStudioVersion = 10.0.40219.1
Project("{FAE04EC0-301F-11D3-BF4B-00C04F79EFBC}") = "01.00 X", "01.00 X\01.00 X.csproj", "{578738DD-A6DC-48FD-A31D-E06AF2127247}"
EndProject
Project("{FAE04EC0-301F-11D3-BF4B-00C04F79EFBC}") = "02.00 Vapor Store", "02.00 Vapor Store\02.00 Vapor Store.csproj", "{EB947007-C89D-4DD6-9D28-7381E8398184}"
EndProject
Project("{FAE04EC0-301F-11D3-BF4B-00C04F79EFBC}") = "03.00 Megapixels", "03.00 Megapixels\03.00 Megapixels.csproj", "{85A8868A-AD6D-4CCB-9D88-E522B6E6E077}"
EndProject
Project("{FAE04EC0-301F-11D3-BF4B-00C04F79EFBC}") = "04.00 Photo Gallery", "04.00 Photo Gallery\04.00 Photo Gallery.csproj", "{01B99648-BFC7-4FC0-9147-23022B57DD40}"
EndProject
Project("{FAE04EC0-301F-11D3-BF4B-00C04F79EFBC}") = "05.00 BPM Counter", "05.00 BPM Counter\05.00 BPM Counter.csproj", "{30714F63-BEFA-4825-A06D-3D9962DFC425}"
EndProject
Project("{FAE04EC0-301F-11D3-BF4B-00C04F79EFBC}") = "07.00 Training Hall Equipment", "07. 00 Trng Hall Equipment\07.00 Training Hall Equipment.csproj", "{5AC16225-BEE0-4F0D-9ECC-B8A5B712D3B6}"
EndProject
Project("{FAE04EC0-301F-11D3-BF4B-00C04F79EFBC}") = "06.00 DNA Sequences", "06.00 DNA Sequences\06.00 DNA Sequences.csproj", "{620276A6-DB9C-4993-B90F-5944589E89B4}"
EndProject
Project("{FAE04EC0-301F-11D3-BF4B-00C04F79EFBC}") = "08.00  SMS Typing", "08.00  SMS Typing\08.00  SMS Typing.csproj", "{BB88556B-BC77-417B-B31C-600386DD9932}"
EndProject
Project("{FAE04EC0-301F-11D3-BF4B-00C04F79EFBC}") = "06.01 DNA Sequences", "06.01 DNA Sequences\06.01 DNA Sequences.csproj", "{575D0D95-54B1-45C5-9A60-A4CAC0035DB7}"
EndProject
Project("{FAE04EC0-301F-11D3-BF4B-00C04F79EFBC}") = "06.02 DNA Sequences", "06.02 DNA Sequences\06.02 DNA Sequences.csproj", "{560FB2E7-EF77-469E-9547-C5D69804FBDA}"
EndProject
Project("{FAE04EC0-301F-11D3-BF4B-00C04F79EFBC}") = "01.01 X", "01.01 X\01.01 X.csproj", "{57EF1996-E1EF-4FE9-B091-A235D3AB6547}"
EndProject
Project("{FAE04EC0-301F-11D3-BF4B-00C04F79EFBC}") = "02.01 Vapor Store", "02.01 Vapor Store\02.01 Vapor Store.csproj", "{7FBA72E7-0F74-4D13-AF57-1E45FD0E5230}"
EndProject
Project("{FAE04EC0-301F-11D3-BF4B-00C04F79EFBC}") = "04.01 Photo Gallery", "04.01 Photo Gallery\04.01 Photo Gallery.csproj", "{43C38066-6375-40A8-B403-FAEA52553FBA}"
EndProject
Project("{FAE04EC0-301F-11D3-BF4B-00C04F79EFBC}") = "03.01 Megapixels", "03.01 Megapixels\03.01 Megapixels.csproj", "{D6789FB5-43FA-48BD-91C4-C89C9640F1C1}"
EndProject
Project("{FAE04EC0-301F-11D3-BF4B-00C04F79EFBC}") = "05.01 BPM Counter", "05.01 BPM Counter\05.01 BPM Counter.csproj", "{B11E7ECC-68CD-4FC4-A33F-B0814D1BB546}"
EndProject
Project("{FAE04EC0-301F-11D3-BF4B-00C04F79EFBC}") = "06.03 DNA Sequences", "06.03 DNA Sequences\06.03 DNA Sequences.csproj", "{15DFC466-7174-4CDC-8D6E-A8491668866F}"
EndProject
Project("{FAE04EC0-301F-11D3-BF4B-00C04F79EFBC}") = "07.01 Training Hall Equipment", "07.01 Training Hall Equipment\07.01 Training Hall Equipment.csproj", "{DBFA0A77-6E9C-48A9-A204-545DD301F1EC}"
EndProject
Project("{FAE04EC0-301F-11D3-BF4B-00C04F79EFBC}") = "08.01  SMS Typing", "08.01  SMS Typing\08.01  SMS Typing.csproj", "{31A3FB7F-6E01-4646-90D5-BA1993F4F937}"
EndProject
Global
	GlobalSection(SolutionConfigurationPlatforms) = preSolution
		Debug|Any CPU = Debug|Any CPU
		Release|Any CPU = Release|Any CPU
	EndGlobalSection
	GlobalSection(ProjectConfigurationPlatforms) = postSolution
		{578738DD-A6DC-48FD-A31D-E06AF2127247}.Debug|Any CPU.ActiveCfg = Debug|Any CPU
		{578738DD-A6DC-48FD-A31D-E06AF2127247}.Debug|Any CPU.Build.0 = Debug|Any CPU
		{578738DD-A6DC-48FD-A31D-E06AF2127247}.Release|Any CPU.ActiveCfg = Release|Any CPU
		{578738DD-A6DC-48FD-A31D-E06AF2127247}.Release|Any CPU.Build.0 = Release|Any CPU
		{EB947007-C89D-4DD6-9D28-7381E8398184}.Debug|Any CPU.ActiveCfg = Debug|Any CPU
		{EB947007-C89D-4DD6-9D28-7381E8398184}.Debug|Any CPU.Build.0 = Debug|Any CPU
		{EB947007-C89D-4DD6-9D28-7381E8398184}.Release|Any CPU.ActiveCfg = Release|Any CPU
		{EB947007-C89D-4DD6-9D28-7381E8398184}.Release|Any CPU.Build.0 = Release|Any CPU
		{85A8868A-AD6D-4CCB-9D88-E522B6E6E077}.Debug|Any CPU.ActiveCfg = Debug|Any CPU
		{85A8868A-AD6D-4CCB-9D88-E522B6E6E077}.Debug|Any CPU.Build.0 = Debug|Any CPU
		{85A8868A-AD6D-4CCB-9D88-E522B6E6E077}.Release|Any CPU.ActiveCfg = Release|Any CPU
		{85A8868A-AD6D-4CCB-9D88-E522B6E6E077}.Release|Any CPU.Build.0 = Release|Any CPU
		{01B99648-BFC7-4FC0-9147-23022B57DD40}.Debug|Any CPU.ActiveCfg = Debug|Any CPU
		{01B99648-BFC7-4FC0-9147-23022B57DD40}.Debug|Any CPU.Build.0 = Debug|Any CPU
		{01B99648-BFC7-4FC0-9147-23022B57DD40}.Release|Any CPU.ActiveCfg = Release|Any CPU
		{01B99648-BFC7-4FC0-9147-23022B57DD40}.Release|Any CPU.Build.0 = Release|Any CPU
		{30714F63-BEFA-4825-A06D-3D9962DFC425}.Debug|Any CPU.ActiveCfg = Debug|Any CPU
		{30714F63-BEFA-4825-A06D-3D9962DFC425}.Debug|Any CPU.Build.0 = Debug|Any CPU
		{30714F63-BEFA-4825-A06D-3D9962DFC425}.Release|Any CPU.ActiveCfg = Release|Any CPU
		{30714F63-BEFA-4825-A06D-3D9962DFC425}.Release|Any CPU.Build.0 = Release|Any CPU
		{5AC16225-BEE0-4F0D-9ECC-B8A5B712D3B6}.Debug|Any CPU.ActiveCfg = Debug|Any CPU
		{5AC16225-BEE0-4F0D-9ECC-B8A5B712D3B6}.Debug|Any CPU.Build.0 = Debug|Any CPU
		{5AC16225-BEE0-4F0D-9ECC-B8A5B712D3B6}.Release|Any CPU.ActiveCfg = Release|Any CPU
		{5AC16225-BEE0-4F0D-9ECC-B8A5B712D3B6}.Release|Any CPU.Build.0 = Release|Any CPU
		{620276A6-DB9C-4993-B90F-5944589E89B4}.Debug|Any CPU.ActiveCfg = Debug|Any CPU
		{620276A6-DB9C-4993-B90F-5944589E89B4}.Debug|Any CPU.Build.0 = Debug|Any CPU
		{620276A6-DB9C-4993-B90F-5944589E89B4}.Release|Any CPU.ActiveCfg = Release|Any CPU
		{620276A6-DB9C-4993-B90F-5944589E89B4}.Release|Any CPU.Build.0 = Release|Any CPU
		{BB88556B-BC77-417B-B31C-600386DD9932}.Debug|Any CPU.ActiveCfg = Debug|Any CPU
		{BB88556B-BC77-417B-B31C-600386DD9932}.Debug|Any CPU.Build.0 = Debug|Any CPU
		{BB88556B-BC77-417B-B31C-600386DD9932}.Release|Any CPU.ActiveCfg = Release|Any CPU
		{BB88556B-BC77-417B-B31C-600386DD9932}.Release|Any CPU.Build.0 = Release|Any CPU
		{575D0D95-54B1-45C5-9A60-A4CAC0035DB7}.Debug|Any CPU.ActiveCfg = Debug|Any CPU
		{575D0D95-54B1-45C5-9A60-A4CAC0035DB7}.Debug|Any CPU.Build.0 = Debug|Any CPU
		{575D0D95-54B1-45C5-9A60-A4CAC0035DB7}.Release|Any CPU.ActiveCfg = Release|Any CPU
		{575D0D95-54B1-45C5-9A60-A4CAC0035DB7}.Release|Any CPU.Build.0 = Release|Any CPU
		{560FB2E7-EF77-469E-9547-C5D69804FBDA}.Debug|Any CPU.ActiveCfg = Debug|Any CPU
		{560FB2E7-EF77-469E-9547-C5D69804FBDA}.Debug|Any CPU.Build.0 = Debug|Any CPU
		{560FB2E7-EF77-469E-9547-C5D69804FBDA}.Release|Any CPU.ActiveCfg = Release|Any CPU
		{560FB2E7-EF77-469E-9547-C5D69804FBDA}.Release|Any CPU.Build.0 = Release|Any CPU
		{57EF1996-E1EF-4FE9-B091-A235D3AB6547}.Debug|Any CPU.ActiveCfg = Debug|Any CPU
		{57EF1996-E1EF-4FE9-B091-A235D3AB6547}.Debug|Any CPU.Build.0 = Debug|Any CPU
		{57EF1996-E1EF-4FE9-B091-A235D3AB6547}.Release|Any CPU.ActiveCfg = Release|Any CPU
		{57EF1996-E1EF-4FE9-B091-A235D3AB6547}.Release|Any CPU.Build.0 = Release|Any CPU
		{7FBA72E7-0F74-4D13-AF57-1E45FD0E5230}.Debug|Any CPU.ActiveCfg = Debug|Any CPU
		{7FBA72E7-0F74-4D13-AF57-1E45FD0E5230}.Debug|Any CPU.Build.0 = Debug|Any CPU
		{7FBA72E7-0F74-4D13-AF57-1E45FD0E5230}.Release|Any CPU.ActiveCfg = Release|Any CPU
		{7FBA72E7-0F74-4D13-AF57-1E45FD0E5230}.Release|Any CPU.Build.0 = Release|Any CPU
		{43C38066-6375-40A8-B403-FAEA52553FBA}.Debug|Any CPU.ActiveCfg = Debug|Any CPU
		{43C38066-6375-40A8-B403-FAEA52553FBA}.Debug|Any CPU.Build.0 = Debug|Any CPU
		{43C38066-6375-40A8-B403-FAEA52553FBA}.Release|Any CPU.ActiveCfg = Release|Any CPU
		{43C38066-6375-40A8-B403-FAEA52553FBA}.Release|Any CPU.Build.0 = Release|Any CPU
		{D6789FB5-43FA-48BD-91C4-C89C9640F1C1}.Debug|Any CPU.ActiveCfg = Debug|Any CPU
		{D6789FB5-43FA-48BD-91C4-C89C9640F1C1}.Debug|Any CPU.Build.0 = Debug|Any CPU
		{D6789FB5-43FA-48BD-91C4-C89C9640F1C1}.Release|Any CPU.ActiveCfg = Release|Any CPU
		{D6789FB5-43FA-48BD-91C4-C89C9640F1C1}.Release|Any CPU.Build.0 = Release|Any CPU
		{B11E7ECC-68CD-4FC4-A33F-B0814D1BB546}.Debug|Any CPU.ActiveCfg = Debug|Any CPU
		{B11E7ECC-68CD-4FC4-A33F-B0814D1BB546}.Debug|Any CPU.Build.0 = Debug|Any CPU
		{B11E7ECC-68CD-4FC4-A33F-B0814D1BB546}.Release|Any CPU.ActiveCfg = Release|Any CPU
		{B11E7ECC-68CD-4FC4-A33F-B0814D1BB546}.Release|Any CPU.Build.0 = Release|Any CPU
		{15DFC466-7174-4CDC-8D6E-A8491668866F}.Debug|Any CPU.ActiveCfg = Debug|Any CPU
		{15DFC466-7174-4CDC-8D6E-A8491668866F}.Debug|Any CPU.Build.0 = Debug|Any CPU
		{15DFC466-7174-4CDC-8D6E-A8491668866F}.Release|Any CPU.ActiveCfg = Release|Any CPU
		{15DFC466-7174-4CDC-8D6E-A8491668866F}.Release|Any CPU.Build.0 = Release|Any CPU
		{DBFA0A77-6E9C-48A9-A204-545DD301F1EC}.Debug|Any CPU.ActiveCfg = Debug|Any CPU
		{DBFA0A77-6E9C-48A9-A204-545DD301F1EC}.Debug|Any CPU.Build.0 = Debug|Any CPU
		{DBFA0A77-6E9C-48A9-A204-545DD301F1EC}.Release|Any CPU.ActiveCfg = Release|Any CPU
		{DBFA0A77-6E9C-48A9-A204-545DD301F1EC}.Release|Any CPU.Build.0 = Release|Any CPU
		{31A3FB7F-6E01-4646-90D5-BA1993F4F937}.Debug|Any CPU.ActiveCfg = Debug|Any CPU
		{31A3FB7F-6E01-4646-90D5-BA1993F4F937}.Debug|Any CPU.Build.0 = Debug|Any CPU
		{31A3FB7F-6E01-4646-90D5-BA1993F4F937}.Release|Any CPU.ActiveCfg = Release|Any CPU
		{31A3FB7F-6E01-4646-90D5-BA1993F4F937}.Release|Any CPU.Build.0 = Release|Any CPU
	EndGlobalSection
	GlobalSection(SolutionProperties) = preSolution
		HideSolutionNode = FALSE
	EndGlobalSection
EndGlobal
