
Microsoft Visual Studio Solution File, Format Version 12.00
# Visual Studio 15
VisualStudioVersion = 15.0.26403.7
MinimumVisualStudioVersion = 10.0.40219.1
Project("{FAE04EC0-301F-11D3-BF4B-00C04F79EFBC}") = "01.00 Wardrobe", "01.00 Wardrobe\01.00 Wardrobe.csproj", "{A8BF31B7-F81B-42F7-B084-87CD4DA8953F}"
EndProject
Project("{FAE04EC0-301F-11D3-BF4B-00C04F79EFBC}") = "02.00 Key-Key Value-Value", "02.00 Key-Key Value-Value\02.00 Key-Key Value-Value.csproj", "{303B5057-E90F-4B42-AAFE-30F4B1A47299}"
EndProject
Project("{FAE04EC0-301F-11D3-BF4B-00C04F79EFBC}") = "03.00 Travel Company", "03.00 Travel Company\03.00 Travel Company.csproj", "{92B7D012-DFFF-47C8-B725-64F1BBC1B898}"
EndProject
Project("{FAE04EC0-301F-11D3-BF4B-00C04F79EFBC}") = "04.00 Shellbound", "04.00 Shellbound\04.00 Shellbound.csproj", "{BC6F74EB-B534-4708-ADB0-87A20A7637C7}"
EndProject
Project("{FAE04EC0-301F-11D3-BF4B-00C04F79EFBC}") = "05.00 Dict-Ref-Advanced", "05.00 Dict-Ref-Advanced\05.00 Dict-Ref-Advanced.csproj", "{2A6A1DFD-F284-4C61-B5C7-A6395E8E5A45}"
EndProject
Project("{FAE04EC0-301F-11D3-BF4B-00C04F79EFBC}") = "06.00 Forum Topics", "06.00 Forum Topics\06.00 Forum Topics.csproj", "{F2CA82C1-B3BD-4455-B996-E9ECA35A4370}"
EndProject
Project("{FAE04EC0-301F-11D3-BF4B-00C04F79EFBC}") = "07.00 Social Media Posts", "07.00 Social Media Posts\07.00 Social Media Posts.csproj", "{0EFDF647-B30E-4959-8857-AEA817D64FC1}"
EndProject
Project("{FAE04EC0-301F-11D3-BF4B-00C04F79EFBC}") = "01.01 Wardrobe", "01.01 Wardrobe\01.01 Wardrobe.csproj", "{0BC36D0E-C019-4DEF-9E1F-9414B441F0CA}"
EndProject
Project("{FAE04EC0-301F-11D3-BF4B-00C04F79EFBC}") = "02.01 Key-Key Value-Value", "02.01 Key-Key Value-Value\02.01 Key-Key Value-Value.csproj", "{F409E5A3-3283-4CD2-88E3-674907BAEC3D}"
EndProject
Project("{FAE04EC0-301F-11D3-BF4B-00C04F79EFBC}") = "04.01 Shellbound", "04.01 Shellbound\04.01 Shellbound.csproj", "{94A56F7D-84A8-411B-9B18-42BBB5C2E71A}"
EndProject
Project("{FAE04EC0-301F-11D3-BF4B-00C04F79EFBC}") = "02.02 Wardrobe", "01.02 Wardrobe\02.02 Wardrobe.csproj", "{571D9023-AE60-429F-95A2-297F2B570BD8}"
EndProject
Project("{FAE04EC0-301F-11D3-BF4B-00C04F79EFBC}") = "05.01 Dict-Ref-Advanced", "05.01 Dict-Ref-Advanced\05.01 Dict-Ref-Advanced.csproj", "{D2E03255-417B-4F4A-8A1A-59C2289AFC3E}"
EndProject
Project("{FAE04EC0-301F-11D3-BF4B-00C04F79EFBC}") = "06.01 Forum Topics", "06.01 Forum Topics\06.01 Forum Topics.csproj", "{581E7A3C-7C16-4E6E-B1CF-922F05D82B16}"
EndProject
Project("{FAE04EC0-301F-11D3-BF4B-00C04F79EFBC}") = "06.02 Forum Topics", "06.02 Forum Topics\06.02 Forum Topics.csproj", "{C7935596-7916-4356-B511-85E87A07386C}"
EndProject
Project("{FAE04EC0-301F-11D3-BF4B-00C04F79EFBC}") = "test", "test\test.csproj", "{CF20334C-EADF-4D76-8CBE-21B8D5213BD9}"
EndProject
Project("{FAE04EC0-301F-11D3-BF4B-00C04F79EFBC}") = "03.01 Travel Company", "03.01 Travel Company\03.01 Travel Company.csproj", "{5B5B411C-33E3-4768-B0EE-7E8356F59089}"
EndProject
Project("{FAE04EC0-301F-11D3-BF4B-00C04F79EFBC}") = "07.01 Social Media Posts", "07.01 Social Media Posts\07.01 Social Media Posts.csproj", "{3C6648C9-DF4C-4DB9-891E-3BBE2A056D6C}"
EndProject
Global
	GlobalSection(SolutionConfigurationPlatforms) = preSolution
		Debug|Any CPU = Debug|Any CPU
		Release|Any CPU = Release|Any CPU
	EndGlobalSection
	GlobalSection(ProjectConfigurationPlatforms) = postSolution
		{A8BF31B7-F81B-42F7-B084-87CD4DA8953F}.Debug|Any CPU.ActiveCfg = Debug|Any CPU
		{A8BF31B7-F81B-42F7-B084-87CD4DA8953F}.Debug|Any CPU.Build.0 = Debug|Any CPU
		{A8BF31B7-F81B-42F7-B084-87CD4DA8953F}.Release|Any CPU.ActiveCfg = Release|Any CPU
		{A8BF31B7-F81B-42F7-B084-87CD4DA8953F}.Release|Any CPU.Build.0 = Release|Any CPU
		{303B5057-E90F-4B42-AAFE-30F4B1A47299}.Debug|Any CPU.ActiveCfg = Debug|Any CPU
		{303B5057-E90F-4B42-AAFE-30F4B1A47299}.Debug|Any CPU.Build.0 = Debug|Any CPU
		{303B5057-E90F-4B42-AAFE-30F4B1A47299}.Release|Any CPU.ActiveCfg = Release|Any CPU
		{303B5057-E90F-4B42-AAFE-30F4B1A47299}.Release|Any CPU.Build.0 = Release|Any CPU
		{92B7D012-DFFF-47C8-B725-64F1BBC1B898}.Debug|Any CPU.ActiveCfg = Debug|Any CPU
		{92B7D012-DFFF-47C8-B725-64F1BBC1B898}.Debug|Any CPU.Build.0 = Debug|Any CPU
		{92B7D012-DFFF-47C8-B725-64F1BBC1B898}.Release|Any CPU.ActiveCfg = Release|Any CPU
		{92B7D012-DFFF-47C8-B725-64F1BBC1B898}.Release|Any CPU.Build.0 = Release|Any CPU
		{BC6F74EB-B534-4708-ADB0-87A20A7637C7}.Debug|Any CPU.ActiveCfg = Debug|Any CPU
		{BC6F74EB-B534-4708-ADB0-87A20A7637C7}.Debug|Any CPU.Build.0 = Debug|Any CPU
		{BC6F74EB-B534-4708-ADB0-87A20A7637C7}.Release|Any CPU.ActiveCfg = Release|Any CPU
		{BC6F74EB-B534-4708-ADB0-87A20A7637C7}.Release|Any CPU.Build.0 = Release|Any CPU
		{2A6A1DFD-F284-4C61-B5C7-A6395E8E5A45}.Debug|Any CPU.ActiveCfg = Debug|Any CPU
		{2A6A1DFD-F284-4C61-B5C7-A6395E8E5A45}.Debug|Any CPU.Build.0 = Debug|Any CPU
		{2A6A1DFD-F284-4C61-B5C7-A6395E8E5A45}.Release|Any CPU.ActiveCfg = Release|Any CPU
		{2A6A1DFD-F284-4C61-B5C7-A6395E8E5A45}.Release|Any CPU.Build.0 = Release|Any CPU
		{F2CA82C1-B3BD-4455-B996-E9ECA35A4370}.Debug|Any CPU.ActiveCfg = Debug|Any CPU
		{F2CA82C1-B3BD-4455-B996-E9ECA35A4370}.Debug|Any CPU.Build.0 = Debug|Any CPU
		{F2CA82C1-B3BD-4455-B996-E9ECA35A4370}.Release|Any CPU.ActiveCfg = Release|Any CPU
		{F2CA82C1-B3BD-4455-B996-E9ECA35A4370}.Release|Any CPU.Build.0 = Release|Any CPU
		{0EFDF647-B30E-4959-8857-AEA817D64FC1}.Debug|Any CPU.ActiveCfg = Debug|Any CPU
		{0EFDF647-B30E-4959-8857-AEA817D64FC1}.Debug|Any CPU.Build.0 = Debug|Any CPU
		{0EFDF647-B30E-4959-8857-AEA817D64FC1}.Release|Any CPU.ActiveCfg = Release|Any CPU
		{0EFDF647-B30E-4959-8857-AEA817D64FC1}.Release|Any CPU.Build.0 = Release|Any CPU
		{0BC36D0E-C019-4DEF-9E1F-9414B441F0CA}.Debug|Any CPU.ActiveCfg = Debug|Any CPU
		{0BC36D0E-C019-4DEF-9E1F-9414B441F0CA}.Debug|Any CPU.Build.0 = Debug|Any CPU
		{0BC36D0E-C019-4DEF-9E1F-9414B441F0CA}.Release|Any CPU.ActiveCfg = Release|Any CPU
		{0BC36D0E-C019-4DEF-9E1F-9414B441F0CA}.Release|Any CPU.Build.0 = Release|Any CPU
		{F409E5A3-3283-4CD2-88E3-674907BAEC3D}.Debug|Any CPU.ActiveCfg = Debug|Any CPU
		{F409E5A3-3283-4CD2-88E3-674907BAEC3D}.Debug|Any CPU.Build.0 = Debug|Any CPU
		{F409E5A3-3283-4CD2-88E3-674907BAEC3D}.Release|Any CPU.ActiveCfg = Release|Any CPU
		{F409E5A3-3283-4CD2-88E3-674907BAEC3D}.Release|Any CPU.Build.0 = Release|Any CPU
		{94A56F7D-84A8-411B-9B18-42BBB5C2E71A}.Debug|Any CPU.ActiveCfg = Debug|Any CPU
		{94A56F7D-84A8-411B-9B18-42BBB5C2E71A}.Debug|Any CPU.Build.0 = Debug|Any CPU
		{94A56F7D-84A8-411B-9B18-42BBB5C2E71A}.Release|Any CPU.ActiveCfg = Release|Any CPU
		{94A56F7D-84A8-411B-9B18-42BBB5C2E71A}.Release|Any CPU.Build.0 = Release|Any CPU
		{571D9023-AE60-429F-95A2-297F2B570BD8}.Debug|Any CPU.ActiveCfg = Debug|Any CPU
		{571D9023-AE60-429F-95A2-297F2B570BD8}.Debug|Any CPU.Build.0 = Debug|Any CPU
		{571D9023-AE60-429F-95A2-297F2B570BD8}.Release|Any CPU.ActiveCfg = Release|Any CPU
		{571D9023-AE60-429F-95A2-297F2B570BD8}.Release|Any CPU.Build.0 = Release|Any CPU
		{D2E03255-417B-4F4A-8A1A-59C2289AFC3E}.Debug|Any CPU.ActiveCfg = Debug|Any CPU
		{D2E03255-417B-4F4A-8A1A-59C2289AFC3E}.Debug|Any CPU.Build.0 = Debug|Any CPU
		{D2E03255-417B-4F4A-8A1A-59C2289AFC3E}.Release|Any CPU.ActiveCfg = Release|Any CPU
		{D2E03255-417B-4F4A-8A1A-59C2289AFC3E}.Release|Any CPU.Build.0 = Release|Any CPU
		{581E7A3C-7C16-4E6E-B1CF-922F05D82B16}.Debug|Any CPU.ActiveCfg = Debug|Any CPU
		{581E7A3C-7C16-4E6E-B1CF-922F05D82B16}.Debug|Any CPU.Build.0 = Debug|Any CPU
		{581E7A3C-7C16-4E6E-B1CF-922F05D82B16}.Release|Any CPU.ActiveCfg = Release|Any CPU
		{581E7A3C-7C16-4E6E-B1CF-922F05D82B16}.Release|Any CPU.Build.0 = Release|Any CPU
		{C7935596-7916-4356-B511-85E87A07386C}.Debug|Any CPU.ActiveCfg = Debug|Any CPU
		{C7935596-7916-4356-B511-85E87A07386C}.Debug|Any CPU.Build.0 = Debug|Any CPU
		{C7935596-7916-4356-B511-85E87A07386C}.Release|Any CPU.ActiveCfg = Release|Any CPU
		{C7935596-7916-4356-B511-85E87A07386C}.Release|Any CPU.Build.0 = Release|Any CPU
		{CF20334C-EADF-4D76-8CBE-21B8D5213BD9}.Debug|Any CPU.ActiveCfg = Debug|Any CPU
		{CF20334C-EADF-4D76-8CBE-21B8D5213BD9}.Debug|Any CPU.Build.0 = Debug|Any CPU
		{CF20334C-EADF-4D76-8CBE-21B8D5213BD9}.Release|Any CPU.ActiveCfg = Release|Any CPU
		{CF20334C-EADF-4D76-8CBE-21B8D5213BD9}.Release|Any CPU.Build.0 = Release|Any CPU
		{5B5B411C-33E3-4768-B0EE-7E8356F59089}.Debug|Any CPU.ActiveCfg = Debug|Any CPU
		{5B5B411C-33E3-4768-B0EE-7E8356F59089}.Debug|Any CPU.Build.0 = Debug|Any CPU
		{5B5B411C-33E3-4768-B0EE-7E8356F59089}.Release|Any CPU.ActiveCfg = Release|Any CPU
		{5B5B411C-33E3-4768-B0EE-7E8356F59089}.Release|Any CPU.Build.0 = Release|Any CPU
		{3C6648C9-DF4C-4DB9-891E-3BBE2A056D6C}.Debug|Any CPU.ActiveCfg = Debug|Any CPU
		{3C6648C9-DF4C-4DB9-891E-3BBE2A056D6C}.Debug|Any CPU.Build.0 = Debug|Any CPU
		{3C6648C9-DF4C-4DB9-891E-3BBE2A056D6C}.Release|Any CPU.ActiveCfg = Release|Any CPU
		{3C6648C9-DF4C-4DB9-891E-3BBE2A056D6C}.Release|Any CPU.Build.0 = Release|Any CPU
	EndGlobalSection
	GlobalSection(SolutionProperties) = preSolution
		HideSolutionNode = FALSE
	EndGlobalSection
EndGlobal
