
Microsoft Visual Studio Solution File, Format Version 12.00
# Visual Studio 15
VisualStudioVersion = 15.0.26403.7
MinimumVisualStudioVersion = 10.0.40219.1
Project("{FAE04EC0-301F-11D3-BF4B-00C04F79EFBC}") = "01. Practice Integer", "01. Practice Integer\01. Practice Integer.csproj", "{EC0C6496-B34C-454E-A3A8-61A7C9CC8F54}"
EndProject
Project("{FAE04EC0-301F-11D3-BF4B-00C04F79EFBC}") = "02. Practice Floatin", "02. Practice Floatin\02. Practice Floatin.csproj", "{01C0B5AE-0F0B-463F-861D-88B5FA7411F5}"
EndProject
Project("{FAE04EC0-301F-11D3-BF4B-00C04F79EFBC}") = "03. Practice Chars And Strings", "03. Practice Chars And Strings\03. Practice Chars And Strings.csproj", "{BB22FA5F-ABF6-4D7A-B0E9-99903AA22748}"
EndProject
Project("{FAE04EC0-301F-11D3-BF4B-00C04F79EFBC}") = "04. Variable in Hex Format", "04. Variable in Hex Format\04. Variable in Hex Format.csproj", "{59410EF6-C99E-4FA0-8859-3CE9AE42A625}"
EndProject
Project("{FAE04EC0-301F-11D3-BF4B-00C04F79EFBC}") = "05. Boolean Variable", "05. Boolean Variable\05. Boolean Variable.csproj", "{65737432-A4D9-4466-9F69-59CE9BF3A2AC}"
EndProject
Project("{FAE04EC0-301F-11D3-BF4B-00C04F79EFBC}") = "06. Strings And Objects", "06. Strings And Objects\06. Strings And Objects.csproj", "{BED5DEE3-06C6-44AA-B57B-0CEE75796D31}"
EndProject
Project("{FAE04EC0-301F-11D3-BF4B-00C04F79EFBC}") = "07. Exchange Variable Values", "07. Exchange Variable Values\07. Exchange Variable Values.csproj", "{6B099224-46FD-4B60-9442-442FE5EC350C}"
EndProject
Project("{FAE04EC0-301F-11D3-BF4B-00C04F79EFBC}") = "08. Employee Data", "08. Employee Data\08. Employee Data.csproj", "{1742AD35-F417-4C90-B052-FEF1BB12CB19}"
EndProject
Project("{FAE04EC0-301F-11D3-BF4B-00C04F79EFBC}") = "09. Reversed chars", "09. Reversed chars\09. Reversed chars.csproj", "{800A003A-AAC2-445D-BCBD-15FC3B247C13}"
EndProject
Project("{FAE04EC0-301F-11D3-BF4B-00C04F79EFBC}") = "10. Centuries to Nanoseconds", "10. Centuries to Nanoseconds\10. Centuries to Nanoseconds.csproj", "{0CD0DD28-CAB9-482E-A558-D0167FB18F8E}"
EndProject
Project("{FAE04EC0-301F-11D3-BF4B-00C04F79EFBC}") = "19. 00 Thea The Photographer", "19. Thea The Photographer\19. 00 Thea The Photographer.csproj", "{C90B6A97-B759-4C72-A5F9-B32DAD2FE5A8}"
EndProject
Project("{FAE04EC0-301F-11D3-BF4B-00C04F79EFBC}") = "04.1. Variable in Hexadecima", "4.1. Variable in Hexadecima\04.1. Variable in Hexadecima.csproj", "{8F788B0C-D4A6-4648-AB1D-26B5E7139969}"
EndProject
Project("{FAE04EC0-301F-11D3-BF4B-00C04F79EFBC}") = "18.00 Different Integers Size", "18. Different Integers Size\18.00 Different Integers Size.csproj", "{4EF1D5B3-D0BA-4A54-BAE0-85EB202D3C37}"
EndProject
Project("{FAE04EC0-301F-11D3-BF4B-00C04F79EFBC}") = "18.01 Different Integers Size", "18.1 Different Integers Size\18.01 Different Integers Size.csproj", "{364641EA-69DF-433D-9BC0-D99BF0A29A0E}"
EndProject
Project("{FAE04EC0-301F-11D3-BF4B-00C04F79EFBC}") = "19. 01 Thea The Photographer", "19. 1 Thea The Photographer\19. 01 Thea The Photographer.csproj", "{FA61A3C5-AD89-4AFA-A558-E61880E4E1D4}"
EndProject
Project("{FAE04EC0-301F-11D3-BF4B-00C04F79EFBC}") = "11.00 Convert Speed Units", "11.00 Convert Speed Units\11.00 Convert Speed Units.csproj", "{D1E9C093-0DAA-4A04-B45C-F120BC69CA36}"
EndProject
Project("{FAE04EC0-301F-11D3-BF4B-00C04F79EFBC}") = "12.00 Rectangle Properties", "12.00 Rectangle Properties\12.00 Rectangle Properties.csproj", "{C09726D2-39A7-4E22-A96A-414A5138E149}"
EndProject
Project("{FAE04EC0-301F-11D3-BF4B-00C04F79EFBC}") = "13.00 Vowel or Digit", "13.00 Vowel or Digit\13.00 Vowel or Digit.csproj", "{D8975346-8CCD-472A-98D1-E77FA34C15DA}"
EndProject
Project("{FAE04EC0-301F-11D3-BF4B-00C04F79EFBC}") = "14. 00 Integer to Hex and Binary", "14. 00 Integer to Hex and Binary\14. 00 Integer to Hex and Binary.csproj", "{F142B9B5-A832-4E8E-A848-60C560C24F57}"
EndProject
Project("{FAE04EC0-301F-11D3-BF4B-00C04F79EFBC}") = "15.00 Fast Prime Checker", "15.00 Fast Prime Checker\15.00 Fast Prime Checker.csproj", "{EFF1635F-F026-4E3B-BAD9-6E4C3457FBEA}"
EndProject
Project("{FAE04EC0-301F-11D3-BF4B-00C04F79EFBC}") = "16.00 Comparing floats", "16.00 Comparing floats\16.00 Comparing floats.csproj", "{F729EC12-1E19-434D-BB1D-8D373A0DC44B}"
EndProject
Project("{FAE04EC0-301F-11D3-BF4B-00C04F79EFBC}") = "17.00 Print Part Of ASCII Table", "17.00 Print Part Of ASCII Table\17.00 Print Part Of ASCII Table.csproj", "{39810636-ED4F-4D94-AAB7-35A88D5D21CE}"
EndProject
Global
	GlobalSection(SolutionConfigurationPlatforms) = preSolution
		Debug|Any CPU = Debug|Any CPU
		Release|Any CPU = Release|Any CPU
	EndGlobalSection
	GlobalSection(ProjectConfigurationPlatforms) = postSolution
		{EC0C6496-B34C-454E-A3A8-61A7C9CC8F54}.Debug|Any CPU.ActiveCfg = Debug|Any CPU
		{EC0C6496-B34C-454E-A3A8-61A7C9CC8F54}.Debug|Any CPU.Build.0 = Debug|Any CPU
		{EC0C6496-B34C-454E-A3A8-61A7C9CC8F54}.Release|Any CPU.ActiveCfg = Release|Any CPU
		{EC0C6496-B34C-454E-A3A8-61A7C9CC8F54}.Release|Any CPU.Build.0 = Release|Any CPU
		{01C0B5AE-0F0B-463F-861D-88B5FA7411F5}.Debug|Any CPU.ActiveCfg = Debug|Any CPU
		{01C0B5AE-0F0B-463F-861D-88B5FA7411F5}.Debug|Any CPU.Build.0 = Debug|Any CPU
		{01C0B5AE-0F0B-463F-861D-88B5FA7411F5}.Release|Any CPU.ActiveCfg = Release|Any CPU
		{01C0B5AE-0F0B-463F-861D-88B5FA7411F5}.Release|Any CPU.Build.0 = Release|Any CPU
		{BB22FA5F-ABF6-4D7A-B0E9-99903AA22748}.Debug|Any CPU.ActiveCfg = Debug|Any CPU
		{BB22FA5F-ABF6-4D7A-B0E9-99903AA22748}.Debug|Any CPU.Build.0 = Debug|Any CPU
		{BB22FA5F-ABF6-4D7A-B0E9-99903AA22748}.Release|Any CPU.ActiveCfg = Release|Any CPU
		{BB22FA5F-ABF6-4D7A-B0E9-99903AA22748}.Release|Any CPU.Build.0 = Release|Any CPU
		{59410EF6-C99E-4FA0-8859-3CE9AE42A625}.Debug|Any CPU.ActiveCfg = Debug|Any CPU
		{59410EF6-C99E-4FA0-8859-3CE9AE42A625}.Debug|Any CPU.Build.0 = Debug|Any CPU
		{59410EF6-C99E-4FA0-8859-3CE9AE42A625}.Release|Any CPU.ActiveCfg = Release|Any CPU
		{59410EF6-C99E-4FA0-8859-3CE9AE42A625}.Release|Any CPU.Build.0 = Release|Any CPU
		{65737432-A4D9-4466-9F69-59CE9BF3A2AC}.Debug|Any CPU.ActiveCfg = Debug|Any CPU
		{65737432-A4D9-4466-9F69-59CE9BF3A2AC}.Debug|Any CPU.Build.0 = Debug|Any CPU
		{65737432-A4D9-4466-9F69-59CE9BF3A2AC}.Release|Any CPU.ActiveCfg = Release|Any CPU
		{65737432-A4D9-4466-9F69-59CE9BF3A2AC}.Release|Any CPU.Build.0 = Release|Any CPU
		{BED5DEE3-06C6-44AA-B57B-0CEE75796D31}.Debug|Any CPU.ActiveCfg = Debug|Any CPU
		{BED5DEE3-06C6-44AA-B57B-0CEE75796D31}.Debug|Any CPU.Build.0 = Debug|Any CPU
		{BED5DEE3-06C6-44AA-B57B-0CEE75796D31}.Release|Any CPU.ActiveCfg = Release|Any CPU
		{BED5DEE3-06C6-44AA-B57B-0CEE75796D31}.Release|Any CPU.Build.0 = Release|Any CPU
		{6B099224-46FD-4B60-9442-442FE5EC350C}.Debug|Any CPU.ActiveCfg = Debug|Any CPU
		{6B099224-46FD-4B60-9442-442FE5EC350C}.Debug|Any CPU.Build.0 = Debug|Any CPU
		{6B099224-46FD-4B60-9442-442FE5EC350C}.Release|Any CPU.ActiveCfg = Release|Any CPU
		{6B099224-46FD-4B60-9442-442FE5EC350C}.Release|Any CPU.Build.0 = Release|Any CPU
		{1742AD35-F417-4C90-B052-FEF1BB12CB19}.Debug|Any CPU.ActiveCfg = Debug|Any CPU
		{1742AD35-F417-4C90-B052-FEF1BB12CB19}.Debug|Any CPU.Build.0 = Debug|Any CPU
		{1742AD35-F417-4C90-B052-FEF1BB12CB19}.Release|Any CPU.ActiveCfg = Release|Any CPU
		{1742AD35-F417-4C90-B052-FEF1BB12CB19}.Release|Any CPU.Build.0 = Release|Any CPU
		{800A003A-AAC2-445D-BCBD-15FC3B247C13}.Debug|Any CPU.ActiveCfg = Debug|Any CPU
		{800A003A-AAC2-445D-BCBD-15FC3B247C13}.Debug|Any CPU.Build.0 = Debug|Any CPU
		{800A003A-AAC2-445D-BCBD-15FC3B247C13}.Release|Any CPU.ActiveCfg = Release|Any CPU
		{800A003A-AAC2-445D-BCBD-15FC3B247C13}.Release|Any CPU.Build.0 = Release|Any CPU
		{0CD0DD28-CAB9-482E-A558-D0167FB18F8E}.Debug|Any CPU.ActiveCfg = Debug|Any CPU
		{0CD0DD28-CAB9-482E-A558-D0167FB18F8E}.Debug|Any CPU.Build.0 = Debug|Any CPU
		{0CD0DD28-CAB9-482E-A558-D0167FB18F8E}.Release|Any CPU.ActiveCfg = Release|Any CPU
		{0CD0DD28-CAB9-482E-A558-D0167FB18F8E}.Release|Any CPU.Build.0 = Release|Any CPU
		{C90B6A97-B759-4C72-A5F9-B32DAD2FE5A8}.Debug|Any CPU.ActiveCfg = Debug|Any CPU
		{C90B6A97-B759-4C72-A5F9-B32DAD2FE5A8}.Debug|Any CPU.Build.0 = Debug|Any CPU
		{C90B6A97-B759-4C72-A5F9-B32DAD2FE5A8}.Release|Any CPU.ActiveCfg = Release|Any CPU
		{C90B6A97-B759-4C72-A5F9-B32DAD2FE5A8}.Release|Any CPU.Build.0 = Release|Any CPU
		{8F788B0C-D4A6-4648-AB1D-26B5E7139969}.Debug|Any CPU.ActiveCfg = Debug|Any CPU
		{8F788B0C-D4A6-4648-AB1D-26B5E7139969}.Debug|Any CPU.Build.0 = Debug|Any CPU
		{8F788B0C-D4A6-4648-AB1D-26B5E7139969}.Release|Any CPU.ActiveCfg = Release|Any CPU
		{8F788B0C-D4A6-4648-AB1D-26B5E7139969}.Release|Any CPU.Build.0 = Release|Any CPU
		{4EF1D5B3-D0BA-4A54-BAE0-85EB202D3C37}.Debug|Any CPU.ActiveCfg = Debug|Any CPU
		{4EF1D5B3-D0BA-4A54-BAE0-85EB202D3C37}.Debug|Any CPU.Build.0 = Debug|Any CPU
		{4EF1D5B3-D0BA-4A54-BAE0-85EB202D3C37}.Release|Any CPU.ActiveCfg = Release|Any CPU
		{4EF1D5B3-D0BA-4A54-BAE0-85EB202D3C37}.Release|Any CPU.Build.0 = Release|Any CPU
		{364641EA-69DF-433D-9BC0-D99BF0A29A0E}.Debug|Any CPU.ActiveCfg = Debug|Any CPU
		{364641EA-69DF-433D-9BC0-D99BF0A29A0E}.Debug|Any CPU.Build.0 = Debug|Any CPU
		{364641EA-69DF-433D-9BC0-D99BF0A29A0E}.Release|Any CPU.ActiveCfg = Release|Any CPU
		{364641EA-69DF-433D-9BC0-D99BF0A29A0E}.Release|Any CPU.Build.0 = Release|Any CPU
		{FA61A3C5-AD89-4AFA-A558-E61880E4E1D4}.Debug|Any CPU.ActiveCfg = Debug|Any CPU
		{FA61A3C5-AD89-4AFA-A558-E61880E4E1D4}.Debug|Any CPU.Build.0 = Debug|Any CPU
		{FA61A3C5-AD89-4AFA-A558-E61880E4E1D4}.Release|Any CPU.ActiveCfg = Release|Any CPU
		{FA61A3C5-AD89-4AFA-A558-E61880E4E1D4}.Release|Any CPU.Build.0 = Release|Any CPU
		{D1E9C093-0DAA-4A04-B45C-F120BC69CA36}.Debug|Any CPU.ActiveCfg = Debug|Any CPU
		{D1E9C093-0DAA-4A04-B45C-F120BC69CA36}.Debug|Any CPU.Build.0 = Debug|Any CPU
		{D1E9C093-0DAA-4A04-B45C-F120BC69CA36}.Release|Any CPU.ActiveCfg = Release|Any CPU
		{D1E9C093-0DAA-4A04-B45C-F120BC69CA36}.Release|Any CPU.Build.0 = Release|Any CPU
		{C09726D2-39A7-4E22-A96A-414A5138E149}.Debug|Any CPU.ActiveCfg = Debug|Any CPU
		{C09726D2-39A7-4E22-A96A-414A5138E149}.Debug|Any CPU.Build.0 = Debug|Any CPU
		{C09726D2-39A7-4E22-A96A-414A5138E149}.Release|Any CPU.ActiveCfg = Release|Any CPU
		{C09726D2-39A7-4E22-A96A-414A5138E149}.Release|Any CPU.Build.0 = Release|Any CPU
		{D8975346-8CCD-472A-98D1-E77FA34C15DA}.Debug|Any CPU.ActiveCfg = Debug|Any CPU
		{D8975346-8CCD-472A-98D1-E77FA34C15DA}.Debug|Any CPU.Build.0 = Debug|Any CPU
		{D8975346-8CCD-472A-98D1-E77FA34C15DA}.Release|Any CPU.ActiveCfg = Release|Any CPU
		{D8975346-8CCD-472A-98D1-E77FA34C15DA}.Release|Any CPU.Build.0 = Release|Any CPU
		{F142B9B5-A832-4E8E-A848-60C560C24F57}.Debug|Any CPU.ActiveCfg = Debug|Any CPU
		{F142B9B5-A832-4E8E-A848-60C560C24F57}.Debug|Any CPU.Build.0 = Debug|Any CPU
		{F142B9B5-A832-4E8E-A848-60C560C24F57}.Release|Any CPU.ActiveCfg = Release|Any CPU
		{F142B9B5-A832-4E8E-A848-60C560C24F57}.Release|Any CPU.Build.0 = Release|Any CPU
		{EFF1635F-F026-4E3B-BAD9-6E4C3457FBEA}.Debug|Any CPU.ActiveCfg = Debug|Any CPU
		{EFF1635F-F026-4E3B-BAD9-6E4C3457FBEA}.Debug|Any CPU.Build.0 = Debug|Any CPU
		{EFF1635F-F026-4E3B-BAD9-6E4C3457FBEA}.Release|Any CPU.ActiveCfg = Release|Any CPU
		{EFF1635F-F026-4E3B-BAD9-6E4C3457FBEA}.Release|Any CPU.Build.0 = Release|Any CPU
		{F729EC12-1E19-434D-BB1D-8D373A0DC44B}.Debug|Any CPU.ActiveCfg = Debug|Any CPU
		{F729EC12-1E19-434D-BB1D-8D373A0DC44B}.Debug|Any CPU.Build.0 = Debug|Any CPU
		{F729EC12-1E19-434D-BB1D-8D373A0DC44B}.Release|Any CPU.ActiveCfg = Release|Any CPU
		{F729EC12-1E19-434D-BB1D-8D373A0DC44B}.Release|Any CPU.Build.0 = Release|Any CPU
		{39810636-ED4F-4D94-AAB7-35A88D5D21CE}.Debug|Any CPU.ActiveCfg = Debug|Any CPU
		{39810636-ED4F-4D94-AAB7-35A88D5D21CE}.Debug|Any CPU.Build.0 = Debug|Any CPU
		{39810636-ED4F-4D94-AAB7-35A88D5D21CE}.Release|Any CPU.ActiveCfg = Release|Any CPU
		{39810636-ED4F-4D94-AAB7-35A88D5D21CE}.Release|Any CPU.Build.0 = Release|Any CPU
	EndGlobalSection
	GlobalSection(SolutionProperties) = preSolution
		HideSolutionNode = FALSE
	EndGlobalSection
EndGlobal
