
Microsoft Visual Studio Solution File, Format Version 12.00
# Visual Studio 15
VisualStudioVersion = 15.0.26403.3
MinimumVisualStudioVersion = 10.0.40219.1
Project("{FAE04EC0-301F-11D3-BF4B-00C04F79EFBC}") = "01.00 Charity Marathon", "01.00 Charity Marathon\01.00 Charity Marathon.csproj", "{8EB654A9-773D-4155-A41F-032145FC3F66}"
EndProject
Project("{FAE04EC0-301F-11D3-BF4B-00C04F79EFBC}") = "02.00 LadyBugs", "02.00 LadyBugs\02.00 LadyBugs.csproj", "{7036CF25-9008-4D6D-82D4-2284DD762B09}"
EndProject
Project("{FAE04EC0-301F-11D3-BF4B-00C04F79EFBC}") = "03.00 NetherRealms", "03.00 NetherRealms\03.00 NetherRealms.csproj", "{325C9CBC-5A86-47C5-9C1F-DC3C39F824F5}"
EndProject
Project("{FAE04EC0-301F-11D3-BF4B-00C04F79EFBC}") = "03.01 NetherRealms", "03.01 NetherRealms\03.01 NetherRealms.csproj", "{7A932F86-2786-4605-8987-DD2168C09F1C}"
EndProject
Project("{FAE04EC0-301F-11D3-BF4B-00C04F79EFBC}") = "03.02 NetherRealms", "03.02 NetherRealms\03.02 NetherRealms.csproj", "{1B0A799D-2FBD-4852-B165-030A448021E5}"
EndProject
Project("{FAE04EC0-301F-11D3-BF4B-00C04F79EFBC}") = "04.00 Roli the Coder", "04.00 Roli the Coder\04.00 Roli the Coder.csproj", "{8138B3CA-3409-4F15-809C-B8AEDB51EA56}"
EndProject
Project("{FAE04EC0-301F-11D3-BF4B-00C04F79EFBC}") = "03.03 NetherRealms", "03.03 NetherRealms\03.03 NetherRealms.csproj", "{7C21B3A8-6823-4336-A5E8-483E36EF1733}"
EndProject
Project("{FAE04EC0-301F-11D3-BF4B-00C04F79EFBC}") = "04.01 Roli the Coder", "04.01 Roli the Coder\04.01 Roli the Coder.csproj", "{A7070840-A4B8-4E5D-8B22-87C17F827B6F}"
EndProject
Project("{FAE04EC0-301F-11D3-BF4B-00C04F79EFBC}") = "04.02 Roli the Coder", "04.02 Roli the Coder\04.02 Roli the Coder.csproj", "{72CBFD6F-3F2C-4E99-92A5-23523920B469}"
EndProject
Project("{FAE04EC0-301F-11D3-BF4B-00C04F79EFBC}") = "04.03 Roli the Coder", "04.03 Roli the Coder\04.03 Roli the Coder.csproj", "{DD36D917-C632-4FA6-92DC-90C5A7302974}"
EndProject
Global
	GlobalSection(SolutionConfigurationPlatforms) = preSolution
		Debug|Any CPU = Debug|Any CPU
		Release|Any CPU = Release|Any CPU
	EndGlobalSection
	GlobalSection(ProjectConfigurationPlatforms) = postSolution
		{8EB654A9-773D-4155-A41F-032145FC3F66}.Debug|Any CPU.ActiveCfg = Debug|Any CPU
		{8EB654A9-773D-4155-A41F-032145FC3F66}.Debug|Any CPU.Build.0 = Debug|Any CPU
		{8EB654A9-773D-4155-A41F-032145FC3F66}.Release|Any CPU.ActiveCfg = Release|Any CPU
		{8EB654A9-773D-4155-A41F-032145FC3F66}.Release|Any CPU.Build.0 = Release|Any CPU
		{7036CF25-9008-4D6D-82D4-2284DD762B09}.Debug|Any CPU.ActiveCfg = Debug|Any CPU
		{7036CF25-9008-4D6D-82D4-2284DD762B09}.Debug|Any CPU.Build.0 = Debug|Any CPU
		{7036CF25-9008-4D6D-82D4-2284DD762B09}.Release|Any CPU.ActiveCfg = Release|Any CPU
		{7036CF25-9008-4D6D-82D4-2284DD762B09}.Release|Any CPU.Build.0 = Release|Any CPU
		{325C9CBC-5A86-47C5-9C1F-DC3C39F824F5}.Debug|Any CPU.ActiveCfg = Debug|Any CPU
		{325C9CBC-5A86-47C5-9C1F-DC3C39F824F5}.Debug|Any CPU.Build.0 = Debug|Any CPU
		{325C9CBC-5A86-47C5-9C1F-DC3C39F824F5}.Release|Any CPU.ActiveCfg = Release|Any CPU
		{325C9CBC-5A86-47C5-9C1F-DC3C39F824F5}.Release|Any CPU.Build.0 = Release|Any CPU
		{7A932F86-2786-4605-8987-DD2168C09F1C}.Debug|Any CPU.ActiveCfg = Debug|Any CPU
		{7A932F86-2786-4605-8987-DD2168C09F1C}.Debug|Any CPU.Build.0 = Debug|Any CPU
		{7A932F86-2786-4605-8987-DD2168C09F1C}.Release|Any CPU.ActiveCfg = Release|Any CPU
		{7A932F86-2786-4605-8987-DD2168C09F1C}.Release|Any CPU.Build.0 = Release|Any CPU
		{1B0A799D-2FBD-4852-B165-030A448021E5}.Debug|Any CPU.ActiveCfg = Debug|Any CPU
		{1B0A799D-2FBD-4852-B165-030A448021E5}.Debug|Any CPU.Build.0 = Debug|Any CPU
		{1B0A799D-2FBD-4852-B165-030A448021E5}.Release|Any CPU.ActiveCfg = Release|Any CPU
		{1B0A799D-2FBD-4852-B165-030A448021E5}.Release|Any CPU.Build.0 = Release|Any CPU
		{8138B3CA-3409-4F15-809C-B8AEDB51EA56}.Debug|Any CPU.ActiveCfg = Debug|Any CPU
		{8138B3CA-3409-4F15-809C-B8AEDB51EA56}.Debug|Any CPU.Build.0 = Debug|Any CPU
		{8138B3CA-3409-4F15-809C-B8AEDB51EA56}.Release|Any CPU.ActiveCfg = Release|Any CPU
		{8138B3CA-3409-4F15-809C-B8AEDB51EA56}.Release|Any CPU.Build.0 = Release|Any CPU
		{7C21B3A8-6823-4336-A5E8-483E36EF1733}.Debug|Any CPU.ActiveCfg = Debug|Any CPU
		{7C21B3A8-6823-4336-A5E8-483E36EF1733}.Debug|Any CPU.Build.0 = Debug|Any CPU
		{7C21B3A8-6823-4336-A5E8-483E36EF1733}.Release|Any CPU.ActiveCfg = Release|Any CPU
		{7C21B3A8-6823-4336-A5E8-483E36EF1733}.Release|Any CPU.Build.0 = Release|Any CPU
		{A7070840-A4B8-4E5D-8B22-87C17F827B6F}.Debug|Any CPU.ActiveCfg = Debug|Any CPU
		{A7070840-A4B8-4E5D-8B22-87C17F827B6F}.Debug|Any CPU.Build.0 = Debug|Any CPU
		{A7070840-A4B8-4E5D-8B22-87C17F827B6F}.Release|Any CPU.ActiveCfg = Release|Any CPU
		{A7070840-A4B8-4E5D-8B22-87C17F827B6F}.Release|Any CPU.Build.0 = Release|Any CPU
		{72CBFD6F-3F2C-4E99-92A5-23523920B469}.Debug|Any CPU.ActiveCfg = Debug|Any CPU
		{72CBFD6F-3F2C-4E99-92A5-23523920B469}.Debug|Any CPU.Build.0 = Debug|Any CPU
		{72CBFD6F-3F2C-4E99-92A5-23523920B469}.Release|Any CPU.ActiveCfg = Release|Any CPU
		{72CBFD6F-3F2C-4E99-92A5-23523920B469}.Release|Any CPU.Build.0 = Release|Any CPU
		{DD36D917-C632-4FA6-92DC-90C5A7302974}.Debug|Any CPU.ActiveCfg = Debug|Any CPU
		{DD36D917-C632-4FA6-92DC-90C5A7302974}.Debug|Any CPU.Build.0 = Debug|Any CPU
		{DD36D917-C632-4FA6-92DC-90C5A7302974}.Release|Any CPU.ActiveCfg = Release|Any CPU
		{DD36D917-C632-4FA6-92DC-90C5A7302974}.Release|Any CPU.Build.0 = Release|Any CPU
	EndGlobalSection
	GlobalSection(SolutionProperties) = preSolution
		HideSolutionNode = FALSE
	EndGlobalSection
EndGlobal
