
Microsoft Visual Studio Solution File, Format Version 12.00
# Visual Studio 15
VisualStudioVersion = 15.0.26403.7
MinimumVisualStudioVersion = 10.0.40219.1
Project("{FAE04EC0-301F-11D3-BF4B-00C04F79EFBC}") = "01.00 Practice Integer Numbers", "01.00 Practice Integer Numbers\01.00 Practice Integer Numbers.csproj", "{B19E635B-DA67-455F-966C-06048AA6BABE}"
EndProject
Project("{FAE04EC0-301F-11D3-BF4B-00C04F79EFBC}") = "02.00 Practice Floating Point Numbers", "02.00 Practice Floating Point Number\02.00 Practice Floating Point Numbers.csproj", "{0C33ED5D-1080-425D-9542-53E9AA0BF31D}"
EndProject
Project("{FAE04EC0-301F-11D3-BF4B-00C04F79EFBC}") = "03.00 Exchange Variable Values", "03.00 Exchange Variable Values\03.00 Exchange Variable Values.csproj", "{2620D8DA-B3AC-481A-AE02-DDEA77B146BD}"
EndProject
Project("{FAE04EC0-301F-11D3-BF4B-00C04F79EFBC}") = "04.00 Float or Integer", "04.00 Float or Integer\04.00 Float or Integer.csproj", "{0F018D42-25AE-4937-8C1B-157F176BC4C8}"
EndProject
Project("{FAE04EC0-301F-11D3-BF4B-00C04F79EFBC}") = "05.00 Distance of the Stars", "05.00 Distance of the Stars\05.00 Distance of the Stars.csproj", "{293E74E9-8189-4FF7-B4D2-BFB398F8CEB6}"
EndProject
Project("{FAE04EC0-301F-11D3-BF4B-00C04F79EFBC}") = "06.00 Increment Variable", "06.00 Increment Variable\06.00 Increment Variable.csproj", "{59A10602-EC11-4CBF-9D0B-80CB24C92F12}"
EndProject
Project("{FAE04EC0-301F-11D3-BF4B-00C04F79EFBC}") = "07.00 From Terabytes to Bits", "07.00 From Terabytes to Bits\07.00 From Terabytes to Bits.csproj", "{D8AE9986-7040-45EA-B554-C236869C47B1}"
EndProject
Project("{FAE04EC0-301F-11D3-BF4B-00C04F79EFBC}") = "08.00 Traveling At Light Speed", "08.00 Traveling At Light Speed\08.00 Traveling At Light Speed.csproj", "{B62DC348-BEFC-486B-96C9-813252E89FA8}"
EndProject
Project("{FAE04EC0-301F-11D3-BF4B-00C04F79EFBC}") = "09. 00 Triangle Formations", "09. 00 Triangle Formations\09. 00 Triangle Formations.csproj", "{4D1EF009-7AFF-4A83-BF50-193392300631}"
EndProject
Project("{FAE04EC0-301F-11D3-BF4B-00C04F79EFBC}") = "10. 00  Data Overflow", "10. 00  Data Overflow\10. 00  Data Overflow.csproj", "{1AA35FB2-A076-464F-AF72-98DDBAF3E444}"
EndProject
Project("{FAE04EC0-301F-11D3-BF4B-00C04F79EFBC}") = "11.00 Practice Characters and Strings", "11.00 Practice Characters and Strings\11.00 Practice Characters and Strings.csproj", "{0BB659A8-47D3-46F8-8895-C10C9AA67A18}"
EndProject
Project("{FAE04EC0-301F-11D3-BF4B-00C04F79EFBC}") = "12.00 Variable in Hexadecimal Format", "12.00 Variable in Hexadecimal Format\12.00 Variable in Hexadecimal Format.csproj", "{D383B605-9BB8-4C71-85B3-BF44CEEC5D24}"
EndProject
Project("{FAE04EC0-301F-11D3-BF4B-00C04F79EFBC}") = "13.00 Digits with Words", "13.00 Digits with Words\13.00 Digits with Words.csproj", "{9256B138-5CB3-4623-AFF9-FA0E250BA057}"
EndProject
Project("{FAE04EC0-301F-11D3-BF4B-00C04F79EFBC}") = "14.00 ASCII String", "14.00 ASCII String\14.00 ASCII String.csproj", "{F1C62CD8-CC90-4722-95C6-2F0202B720D2}"
EndProject
Project("{FAE04EC0-301F-11D3-BF4B-00C04F79EFBC}") = "15.00 Calculator", "15.00 Calculator\15.00 Calculator.csproj", "{F9E2B105-EE20-4E7A-B1B0-2FB36E09BD1A}"
EndProject
Project("{FAE04EC0-301F-11D3-BF4B-00C04F79EFBC}") = "16.00 Tricky Strings", "16.00 Tricky Strings\16.00 Tricky Strings.csproj", "{953313BF-FC5D-4764-8706-C1679BA6C5D0}"
EndProject
Project("{FAE04EC0-301F-11D3-BF4B-00C04F79EFBC}") = "17.00 Cypher Roulette", "17..00 Cypher Roulette\17.00 Cypher Roulette.csproj", "{68E5090A-FA0E-490B-8AB7-3EA5E178A7EA}"
EndProject
Project("{FAE04EC0-301F-11D3-BF4B-00C04F79EFBC}") = "17.01 Cypher Roulette", "17.01 Cypher Roulette\17.01 Cypher Roulette.csproj", "{A674BADA-2984-40BF-96E9-7EE52B256493}"
EndProject
Global
	GlobalSection(SolutionConfigurationPlatforms) = preSolution
		Debug|Any CPU = Debug|Any CPU
		Release|Any CPU = Release|Any CPU
	EndGlobalSection
	GlobalSection(ProjectConfigurationPlatforms) = postSolution
		{B19E635B-DA67-455F-966C-06048AA6BABE}.Debug|Any CPU.ActiveCfg = Debug|Any CPU
		{B19E635B-DA67-455F-966C-06048AA6BABE}.Debug|Any CPU.Build.0 = Debug|Any CPU
		{B19E635B-DA67-455F-966C-06048AA6BABE}.Release|Any CPU.ActiveCfg = Release|Any CPU
		{B19E635B-DA67-455F-966C-06048AA6BABE}.Release|Any CPU.Build.0 = Release|Any CPU
		{0C33ED5D-1080-425D-9542-53E9AA0BF31D}.Debug|Any CPU.ActiveCfg = Debug|Any CPU
		{0C33ED5D-1080-425D-9542-53E9AA0BF31D}.Debug|Any CPU.Build.0 = Debug|Any CPU
		{0C33ED5D-1080-425D-9542-53E9AA0BF31D}.Release|Any CPU.ActiveCfg = Release|Any CPU
		{0C33ED5D-1080-425D-9542-53E9AA0BF31D}.Release|Any CPU.Build.0 = Release|Any CPU
		{2620D8DA-B3AC-481A-AE02-DDEA77B146BD}.Debug|Any CPU.ActiveCfg = Debug|Any CPU
		{2620D8DA-B3AC-481A-AE02-DDEA77B146BD}.Debug|Any CPU.Build.0 = Debug|Any CPU
		{2620D8DA-B3AC-481A-AE02-DDEA77B146BD}.Release|Any CPU.ActiveCfg = Release|Any CPU
		{2620D8DA-B3AC-481A-AE02-DDEA77B146BD}.Release|Any CPU.Build.0 = Release|Any CPU
		{0F018D42-25AE-4937-8C1B-157F176BC4C8}.Debug|Any CPU.ActiveCfg = Debug|Any CPU
		{0F018D42-25AE-4937-8C1B-157F176BC4C8}.Debug|Any CPU.Build.0 = Debug|Any CPU
		{0F018D42-25AE-4937-8C1B-157F176BC4C8}.Release|Any CPU.ActiveCfg = Release|Any CPU
		{0F018D42-25AE-4937-8C1B-157F176BC4C8}.Release|Any CPU.Build.0 = Release|Any CPU
		{293E74E9-8189-4FF7-B4D2-BFB398F8CEB6}.Debug|Any CPU.ActiveCfg = Debug|Any CPU
		{293E74E9-8189-4FF7-B4D2-BFB398F8CEB6}.Debug|Any CPU.Build.0 = Debug|Any CPU
		{293E74E9-8189-4FF7-B4D2-BFB398F8CEB6}.Release|Any CPU.ActiveCfg = Release|Any CPU
		{293E74E9-8189-4FF7-B4D2-BFB398F8CEB6}.Release|Any CPU.Build.0 = Release|Any CPU
		{59A10602-EC11-4CBF-9D0B-80CB24C92F12}.Debug|Any CPU.ActiveCfg = Debug|Any CPU
		{59A10602-EC11-4CBF-9D0B-80CB24C92F12}.Debug|Any CPU.Build.0 = Debug|Any CPU
		{59A10602-EC11-4CBF-9D0B-80CB24C92F12}.Release|Any CPU.ActiveCfg = Release|Any CPU
		{59A10602-EC11-4CBF-9D0B-80CB24C92F12}.Release|Any CPU.Build.0 = Release|Any CPU
		{D8AE9986-7040-45EA-B554-C236869C47B1}.Debug|Any CPU.ActiveCfg = Debug|Any CPU
		{D8AE9986-7040-45EA-B554-C236869C47B1}.Debug|Any CPU.Build.0 = Debug|Any CPU
		{D8AE9986-7040-45EA-B554-C236869C47B1}.Release|Any CPU.ActiveCfg = Release|Any CPU
		{D8AE9986-7040-45EA-B554-C236869C47B1}.Release|Any CPU.Build.0 = Release|Any CPU
		{B62DC348-BEFC-486B-96C9-813252E89FA8}.Debug|Any CPU.ActiveCfg = Debug|Any CPU
		{B62DC348-BEFC-486B-96C9-813252E89FA8}.Debug|Any CPU.Build.0 = Debug|Any CPU
		{B62DC348-BEFC-486B-96C9-813252E89FA8}.Release|Any CPU.ActiveCfg = Release|Any CPU
		{B62DC348-BEFC-486B-96C9-813252E89FA8}.Release|Any CPU.Build.0 = Release|Any CPU
		{4D1EF009-7AFF-4A83-BF50-193392300631}.Debug|Any CPU.ActiveCfg = Debug|Any CPU
		{4D1EF009-7AFF-4A83-BF50-193392300631}.Debug|Any CPU.Build.0 = Debug|Any CPU
		{4D1EF009-7AFF-4A83-BF50-193392300631}.Release|Any CPU.ActiveCfg = Release|Any CPU
		{4D1EF009-7AFF-4A83-BF50-193392300631}.Release|Any CPU.Build.0 = Release|Any CPU
		{1AA35FB2-A076-464F-AF72-98DDBAF3E444}.Debug|Any CPU.ActiveCfg = Debug|Any CPU
		{1AA35FB2-A076-464F-AF72-98DDBAF3E444}.Debug|Any CPU.Build.0 = Debug|Any CPU
		{1AA35FB2-A076-464F-AF72-98DDBAF3E444}.Release|Any CPU.ActiveCfg = Release|Any CPU
		{1AA35FB2-A076-464F-AF72-98DDBAF3E444}.Release|Any CPU.Build.0 = Release|Any CPU
		{0BB659A8-47D3-46F8-8895-C10C9AA67A18}.Debug|Any CPU.ActiveCfg = Debug|Any CPU
		{0BB659A8-47D3-46F8-8895-C10C9AA67A18}.Debug|Any CPU.Build.0 = Debug|Any CPU
		{0BB659A8-47D3-46F8-8895-C10C9AA67A18}.Release|Any CPU.ActiveCfg = Release|Any CPU
		{0BB659A8-47D3-46F8-8895-C10C9AA67A18}.Release|Any CPU.Build.0 = Release|Any CPU
		{D383B605-9BB8-4C71-85B3-BF44CEEC5D24}.Debug|Any CPU.ActiveCfg = Debug|Any CPU
		{D383B605-9BB8-4C71-85B3-BF44CEEC5D24}.Debug|Any CPU.Build.0 = Debug|Any CPU
		{D383B605-9BB8-4C71-85B3-BF44CEEC5D24}.Release|Any CPU.ActiveCfg = Release|Any CPU
		{D383B605-9BB8-4C71-85B3-BF44CEEC5D24}.Release|Any CPU.Build.0 = Release|Any CPU
		{9256B138-5CB3-4623-AFF9-FA0E250BA057}.Debug|Any CPU.ActiveCfg = Debug|Any CPU
		{9256B138-5CB3-4623-AFF9-FA0E250BA057}.Debug|Any CPU.Build.0 = Debug|Any CPU
		{9256B138-5CB3-4623-AFF9-FA0E250BA057}.Release|Any CPU.ActiveCfg = Release|Any CPU
		{9256B138-5CB3-4623-AFF9-FA0E250BA057}.Release|Any CPU.Build.0 = Release|Any CPU
		{F1C62CD8-CC90-4722-95C6-2F0202B720D2}.Debug|Any CPU.ActiveCfg = Debug|Any CPU
		{F1C62CD8-CC90-4722-95C6-2F0202B720D2}.Debug|Any CPU.Build.0 = Debug|Any CPU
		{F1C62CD8-CC90-4722-95C6-2F0202B720D2}.Release|Any CPU.ActiveCfg = Release|Any CPU
		{F1C62CD8-CC90-4722-95C6-2F0202B720D2}.Release|Any CPU.Build.0 = Release|Any CPU
		{F9E2B105-EE20-4E7A-B1B0-2FB36E09BD1A}.Debug|Any CPU.ActiveCfg = Debug|Any CPU
		{F9E2B105-EE20-4E7A-B1B0-2FB36E09BD1A}.Debug|Any CPU.Build.0 = Debug|Any CPU
		{F9E2B105-EE20-4E7A-B1B0-2FB36E09BD1A}.Release|Any CPU.ActiveCfg = Release|Any CPU
		{F9E2B105-EE20-4E7A-B1B0-2FB36E09BD1A}.Release|Any CPU.Build.0 = Release|Any CPU
		{953313BF-FC5D-4764-8706-C1679BA6C5D0}.Debug|Any CPU.ActiveCfg = Debug|Any CPU
		{953313BF-FC5D-4764-8706-C1679BA6C5D0}.Debug|Any CPU.Build.0 = Debug|Any CPU
		{953313BF-FC5D-4764-8706-C1679BA6C5D0}.Release|Any CPU.ActiveCfg = Release|Any CPU
		{953313BF-FC5D-4764-8706-C1679BA6C5D0}.Release|Any CPU.Build.0 = Release|Any CPU
		{68E5090A-FA0E-490B-8AB7-3EA5E178A7EA}.Debug|Any CPU.ActiveCfg = Debug|Any CPU
		{68E5090A-FA0E-490B-8AB7-3EA5E178A7EA}.Debug|Any CPU.Build.0 = Debug|Any CPU
		{68E5090A-FA0E-490B-8AB7-3EA5E178A7EA}.Release|Any CPU.ActiveCfg = Release|Any CPU
		{68E5090A-FA0E-490B-8AB7-3EA5E178A7EA}.Release|Any CPU.Build.0 = Release|Any CPU
		{A674BADA-2984-40BF-96E9-7EE52B256493}.Debug|Any CPU.ActiveCfg = Debug|Any CPU
		{A674BADA-2984-40BF-96E9-7EE52B256493}.Debug|Any CPU.Build.0 = Debug|Any CPU
		{A674BADA-2984-40BF-96E9-7EE52B256493}.Release|Any CPU.ActiveCfg = Release|Any CPU
		{A674BADA-2984-40BF-96E9-7EE52B256493}.Release|Any CPU.Build.0 = Release|Any CPU
	EndGlobalSection
	GlobalSection(SolutionProperties) = preSolution
		HideSolutionNode = FALSE
	EndGlobalSection
EndGlobal
