
Microsoft Visual Studio Solution File, Format Version 12.00
# Visual Studio 15
VisualStudioVersion = 15.0.26403.7
MinimumVisualStudioVersion = 10.0.40219.1
Project("{FAE04EC0-301F-11D3-BF4B-00C04F79EFBC}") = "01. Hello, Name!", "01. Hello, Name!\01. Hello, Name!.csproj", "{71379213-D8DD-4F1E-8E4B-87A01020181C}"
EndProject
Project("{FAE04EC0-301F-11D3-BF4B-00C04F79EFBC}") = "02. Min Method", "02. Min Method\02. Min Method.csproj", "{3506F87E-242C-406A-8D44-EDF60407F01C}"
EndProject
Project("{FAE04EC0-301F-11D3-BF4B-00C04F79EFBC}") = "03. String Repeater", "03. String Repeater\03. String Repeater.csproj", "{705FCF6F-05C7-4FC9-82E8-ED2F61F4FDE7}"
EndProject
Project("{FAE04EC0-301F-11D3-BF4B-00C04F79EFBC}") = "04. Nth Digit", "04. Nth Digit\04. Nth Digit.csproj", "{547D971B-098C-461C-963C-726DA0ED65AE}"
EndProject
Project("{FAE04EC0-301F-11D3-BF4B-00C04F79EFBC}") = "05. Integer to Base", "05. Integer to Base\05. Integer to Base.csproj", "{C60BB7A8-850E-482B-9CC3-6F3E80BE5B70}"
EndProject
Global
	GlobalSection(SolutionConfigurationPlatforms) = preSolution
		Debug|Any CPU = Debug|Any CPU
		Release|Any CPU = Release|Any CPU
	EndGlobalSection
	GlobalSection(ProjectConfigurationPlatforms) = postSolution
		{71379213-D8DD-4F1E-8E4B-87A01020181C}.Debug|Any CPU.ActiveCfg = Debug|Any CPU
		{71379213-D8DD-4F1E-8E4B-87A01020181C}.Debug|Any CPU.Build.0 = Debug|Any CPU
		{71379213-D8DD-4F1E-8E4B-87A01020181C}.Release|Any CPU.ActiveCfg = Release|Any CPU
		{71379213-D8DD-4F1E-8E4B-87A01020181C}.Release|Any CPU.Build.0 = Release|Any CPU
		{3506F87E-242C-406A-8D44-EDF60407F01C}.Debug|Any CPU.ActiveCfg = Debug|Any CPU
		{3506F87E-242C-406A-8D44-EDF60407F01C}.Debug|Any CPU.Build.0 = Debug|Any CPU
		{3506F87E-242C-406A-8D44-EDF60407F01C}.Release|Any CPU.ActiveCfg = Release|Any CPU
		{3506F87E-242C-406A-8D44-EDF60407F01C}.Release|Any CPU.Build.0 = Release|Any CPU
		{705FCF6F-05C7-4FC9-82E8-ED2F61F4FDE7}.Debug|Any CPU.ActiveCfg = Debug|Any CPU
		{705FCF6F-05C7-4FC9-82E8-ED2F61F4FDE7}.Debug|Any CPU.Build.0 = Debug|Any CPU
		{705FCF6F-05C7-4FC9-82E8-ED2F61F4FDE7}.Release|Any CPU.ActiveCfg = Release|Any CPU
		{705FCF6F-05C7-4FC9-82E8-ED2F61F4FDE7}.Release|Any CPU.Build.0 = Release|Any CPU
		{547D971B-098C-461C-963C-726DA0ED65AE}.Debug|Any CPU.ActiveCfg = Debug|Any CPU
		{547D971B-098C-461C-963C-726DA0ED65AE}.Debug|Any CPU.Build.0 = Debug|Any CPU
		{547D971B-098C-461C-963C-726DA0ED65AE}.Release|Any CPU.ActiveCfg = Release|Any CPU
		{547D971B-098C-461C-963C-726DA0ED65AE}.Release|Any CPU.Build.0 = Release|Any CPU
		{C60BB7A8-850E-482B-9CC3-6F3E80BE5B70}.Debug|Any CPU.ActiveCfg = Debug|Any CPU
		{C60BB7A8-850E-482B-9CC3-6F3E80BE5B70}.Debug|Any CPU.Build.0 = Debug|Any CPU
		{C60BB7A8-850E-482B-9CC3-6F3E80BE5B70}.Release|Any CPU.ActiveCfg = Release|Any CPU
		{C60BB7A8-850E-482B-9CC3-6F3E80BE5B70}.Release|Any CPU.Build.0 = Release|Any CPU
	EndGlobalSection
	GlobalSection(SolutionProperties) = preSolution
		HideSolutionNode = FALSE
	EndGlobalSection
EndGlobal
