
Microsoft Visual Studio Solution File, Format Version 12.00
# Visual Studio 15
VisualStudioVersion = 15.0.26403.7
MinimumVisualStudioVersion = 10.0.40219.1
Project("{FAE04EC0-301F-11D3-BF4B-00C04F79EFBC}") = "01.00 Debit Card Numb", "01.00 Debit Card Numb\01.00 Debit Card Numb.csproj", "{EE8960C6-1A29-484B-9DAB-465705A29A41}"
EndProject
Project("{FAE04EC0-301F-11D3-BF4B-00C04F79EFBC}") = "02.00 Rectangle Area", "02.00 Rectangle Area\02.00 Rectangle Area.csproj", "{1B771629-03F6-4BF3-8F35-D5681EFE95B4}"
EndProject
Project("{FAE04EC0-301F-11D3-BF4B-00C04F79EFBC}") = "03.00 Miles to Kilometers", "03.00 Miles to Kilom\03.00 Miles to Kilometers.csproj", "{E417547A-E6AF-4085-B889-45810512B961}"
EndProject
Project("{FAE04EC0-301F-11D3-BF4B-00C04F79EFBC}") = "04.00 Beverage Labels", "04.00 Beverage Labels\04.00 Beverage Labels.csproj", "{06312E77-03EC-4C10-ACD7-4DAB9DD60DAD}"
EndProject
Project("{FAE04EC0-301F-11D3-BF4B-00C04F79EFBC}") = "05.00 Character Stats", "05.00 Character Stats\05.00 Character Stats.csproj", "{ADC7C679-4384-49A4-B57F-7E7A1678FF55}"
EndProject
Project("{FAE04EC0-301F-11D3-BF4B-00C04F79EFBC}") = "01.01 Debit Card Numb", "01.01 Debit Card Numb\01.01 Debit Card Numb.csproj", "{22BDB912-FCE2-4D11-98D5-4811C600E1DA}"
EndProject
Project("{FAE04EC0-301F-11D3-BF4B-00C04F79EFBC}") = "02.01 Rectangle Area", "02.01 Rectangle Area\02.01 Rectangle Area.csproj", "{CCB24881-62DC-4EDA-B52D-C8AAB5FE0613}"
EndProject
Project("{FAE04EC0-301F-11D3-BF4B-00C04F79EFBC}") = "03.01 Miles to Kilometers", "03.01 Miles to Kilometers\03.01 Miles to Kilometers.csproj", "{5BD1B413-1D9A-4EA0-B1A3-BC54816B3B1F}"
EndProject
Project("{FAE04EC0-301F-11D3-BF4B-00C04F79EFBC}") = "04.01 Beverage Labels", "04.01 Beverage Labels\04.01 Beverage Labels.csproj", "{7B8C3C95-756F-4B9B-B784-C7E5C277B022}"
EndProject
Project("{FAE04EC0-301F-11D3-BF4B-00C04F79EFBC}") = "05.01 Character Stats", "05.01 Character Stats\05.01 Character Stats.csproj", "{6D7F4760-B4DF-4589-BB27-EC8D66D1ED53}"
EndProject
Global
	GlobalSection(SolutionConfigurationPlatforms) = preSolution
		Debug|Any CPU = Debug|Any CPU
		Release|Any CPU = Release|Any CPU
	EndGlobalSection
	GlobalSection(ProjectConfigurationPlatforms) = postSolution
		{EE8960C6-1A29-484B-9DAB-465705A29A41}.Debug|Any CPU.ActiveCfg = Debug|Any CPU
		{EE8960C6-1A29-484B-9DAB-465705A29A41}.Debug|Any CPU.Build.0 = Debug|Any CPU
		{EE8960C6-1A29-484B-9DAB-465705A29A41}.Release|Any CPU.ActiveCfg = Release|Any CPU
		{EE8960C6-1A29-484B-9DAB-465705A29A41}.Release|Any CPU.Build.0 = Release|Any CPU
		{1B771629-03F6-4BF3-8F35-D5681EFE95B4}.Debug|Any CPU.ActiveCfg = Debug|Any CPU
		{1B771629-03F6-4BF3-8F35-D5681EFE95B4}.Debug|Any CPU.Build.0 = Debug|Any CPU
		{1B771629-03F6-4BF3-8F35-D5681EFE95B4}.Release|Any CPU.ActiveCfg = Release|Any CPU
		{1B771629-03F6-4BF3-8F35-D5681EFE95B4}.Release|Any CPU.Build.0 = Release|Any CPU
		{E417547A-E6AF-4085-B889-45810512B961}.Debug|Any CPU.ActiveCfg = Debug|Any CPU
		{E417547A-E6AF-4085-B889-45810512B961}.Debug|Any CPU.Build.0 = Debug|Any CPU
		{E417547A-E6AF-4085-B889-45810512B961}.Release|Any CPU.ActiveCfg = Release|Any CPU
		{E417547A-E6AF-4085-B889-45810512B961}.Release|Any CPU.Build.0 = Release|Any CPU
		{06312E77-03EC-4C10-ACD7-4DAB9DD60DAD}.Debug|Any CPU.ActiveCfg = Debug|Any CPU
		{06312E77-03EC-4C10-ACD7-4DAB9DD60DAD}.Debug|Any CPU.Build.0 = Debug|Any CPU
		{06312E77-03EC-4C10-ACD7-4DAB9DD60DAD}.Release|Any CPU.ActiveCfg = Release|Any CPU
		{06312E77-03EC-4C10-ACD7-4DAB9DD60DAD}.Release|Any CPU.Build.0 = Release|Any CPU
		{ADC7C679-4384-49A4-B57F-7E7A1678FF55}.Debug|Any CPU.ActiveCfg = Debug|Any CPU
		{ADC7C679-4384-49A4-B57F-7E7A1678FF55}.Debug|Any CPU.Build.0 = Debug|Any CPU
		{ADC7C679-4384-49A4-B57F-7E7A1678FF55}.Release|Any CPU.ActiveCfg = Release|Any CPU
		{ADC7C679-4384-49A4-B57F-7E7A1678FF55}.Release|Any CPU.Build.0 = Release|Any CPU
		{22BDB912-FCE2-4D11-98D5-4811C600E1DA}.Debug|Any CPU.ActiveCfg = Debug|Any CPU
		{22BDB912-FCE2-4D11-98D5-4811C600E1DA}.Debug|Any CPU.Build.0 = Debug|Any CPU
		{22BDB912-FCE2-4D11-98D5-4811C600E1DA}.Release|Any CPU.ActiveCfg = Release|Any CPU
		{22BDB912-FCE2-4D11-98D5-4811C600E1DA}.Release|Any CPU.Build.0 = Release|Any CPU
		{CCB24881-62DC-4EDA-B52D-C8AAB5FE0613}.Debug|Any CPU.ActiveCfg = Debug|Any CPU
		{CCB24881-62DC-4EDA-B52D-C8AAB5FE0613}.Debug|Any CPU.Build.0 = Debug|Any CPU
		{CCB24881-62DC-4EDA-B52D-C8AAB5FE0613}.Release|Any CPU.ActiveCfg = Release|Any CPU
		{CCB24881-62DC-4EDA-B52D-C8AAB5FE0613}.Release|Any CPU.Build.0 = Release|Any CPU
		{5BD1B413-1D9A-4EA0-B1A3-BC54816B3B1F}.Debug|Any CPU.ActiveCfg = Debug|Any CPU
		{5BD1B413-1D9A-4EA0-B1A3-BC54816B3B1F}.Debug|Any CPU.Build.0 = Debug|Any CPU
		{5BD1B413-1D9A-4EA0-B1A3-BC54816B3B1F}.Release|Any CPU.ActiveCfg = Release|Any CPU
		{5BD1B413-1D9A-4EA0-B1A3-BC54816B3B1F}.Release|Any CPU.Build.0 = Release|Any CPU
		{7B8C3C95-756F-4B9B-B784-C7E5C277B022}.Debug|Any CPU.ActiveCfg = Debug|Any CPU
		{7B8C3C95-756F-4B9B-B784-C7E5C277B022}.Debug|Any CPU.Build.0 = Debug|Any CPU
		{7B8C3C95-756F-4B9B-B784-C7E5C277B022}.Release|Any CPU.ActiveCfg = Release|Any CPU
		{7B8C3C95-756F-4B9B-B784-C7E5C277B022}.Release|Any CPU.Build.0 = Release|Any CPU
		{6D7F4760-B4DF-4589-BB27-EC8D66D1ED53}.Debug|Any CPU.ActiveCfg = Debug|Any CPU
		{6D7F4760-B4DF-4589-BB27-EC8D66D1ED53}.Debug|Any CPU.Build.0 = Debug|Any CPU
		{6D7F4760-B4DF-4589-BB27-EC8D66D1ED53}.Release|Any CPU.ActiveCfg = Release|Any CPU
		{6D7F4760-B4DF-4589-BB27-EC8D66D1ED53}.Release|Any CPU.Build.0 = Release|Any CPU
	EndGlobalSection
	GlobalSection(SolutionProperties) = preSolution
		HideSolutionNode = FALSE
	EndGlobalSection
EndGlobal
