
Microsoft Visual Studio Solution File, Format Version 12.00
# Visual Studio 15
VisualStudioVersion = 15.0.26403.7
MinimumVisualStudioVersion = 10.0.40219.1
Project("{FAE04EC0-301F-11D3-BF4B-00C04F79EFBC}") = "01.00 Extract Emails", "01.00 Extract Emails\01.00 Extract Emails.csproj", "{4F40B811-369C-4368-B7C4-6978D0A6AE1F}"
EndProject
Project("{FAE04EC0-301F-11D3-BF4B-00C04F79EFBC}") = "02.00 Extract Sentences by Keyword", "02.00 Extract Senten\02.00 Extract Sentences by Keyword.csproj", "{C177C5B9-CBDA-47FF-B99C-A99A27FB1380}"
EndProject
Project("{FAE04EC0-301F-11D3-BF4B-00C04F79EFBC}") = "03.00 Camera View", "03.00 Camera View\03.00 Camera View.csproj", "{398C30A9-7555-453A-BE07-ACFAEB32B2E6}"
EndProject
Project("{FAE04EC0-301F-11D3-BF4B-00C04F79EFBC}") = "04.00 Weather", "04.00 Weather\04.00 Weather.csproj", "{BBFC2523-2F0E-4679-AEF2-5591441EA4D0}"
EndProject
Project("{FAE04EC0-301F-11D3-BF4B-00C04F79EFBC}") = "05.00 Key Replacer", "05.00 Key Replacer\05.00 Key Replacer.csproj", "{2A05D9F8-EB57-476B-953C-71AFE8541F96}"
EndProject
Project("{FAE04EC0-301F-11D3-BF4B-00C04F79EFBC}") = "06.00 Valid Usernames", "06.00 Valid Usernames\06.00 Valid Usernames.csproj", "{135B85D8-B2D9-4E9D-A826-07585B37944B}"
EndProject
Project("{FAE04EC0-301F-11D3-BF4B-00C04F79EFBC}") = "07.00 Query Mess", "07.00 Query Mess\07.00 Query Mess.csproj", "{06B37888-5028-423D-9749-9C9DD09EB534}"
EndProject
Project("{FAE04EC0-301F-11D3-BF4B-00C04F79EFBC}") = "08.00 Use Your Chains, Buddy", "08.00 Use Your Chains\08.00 Use Your Chains, Buddy.csproj", "{00C5C9F1-D9E1-4110-AD85-BED4817EA58B}"
EndProject
Project("{FAE04EC0-301F-11D3-BF4B-00C04F79EFBC}") = "03.01 Camera View", "03.01 Camera View\03.01 Camera View.csproj", "{66F5BF13-C86A-4DFE-A0C1-E7EAD9733E84}"
EndProject
Project("{FAE04EC0-301F-11D3-BF4B-00C04F79EFBC}") = "04.01 Weather", "04.01 Weather\04.01 Weather.csproj", "{29538DBC-7B20-4A44-9D50-F15F97EC7FEE}"
EndProject
Project("{FAE04EC0-301F-11D3-BF4B-00C04F79EFBC}") = "05.01 Key Replacer", "05.01 Key Replacer\05.01 Key Replacer.csproj", "{5794907B-ACF9-4726-8535-58FEB65A175B}"
EndProject
Project("{FAE04EC0-301F-11D3-BF4B-00C04F79EFBC}") = "05.02 Key Replacer", "05.02 Key Replacer\05.02 Key Replacer.csproj", "{91F8B20F-5FA3-4ADF-9D74-3207EBCACEC7}"
EndProject
Project("{FAE04EC0-301F-11D3-BF4B-00C04F79EFBC}") = "06.01 Valid Usernames", "06.01 Valid Usernames\06.01 Valid Usernames.csproj", "{C92E4822-6139-45C3-A757-ADF0C7373600}"
EndProject
Project("{FAE04EC0-301F-11D3-BF4B-00C04F79EFBC}") = "07.01 Query Mess", "07.01 Query Mess\07.01 Query Mess.csproj", "{86636D0E-E579-438B-B06A-67284FDE006A}"
EndProject
Project("{FAE04EC0-301F-11D3-BF4B-00C04F79EFBC}") = "08.01 Use Your Chains, Buddy", "08.01 Use Your Chains, Buddy\08.01 Use Your Chains, Buddy.csproj", "{D16500CC-3774-45CF-A4B2-8F0644C983DE}"
EndProject
Project("{FAE04EC0-301F-11D3-BF4B-00C04F79EFBC}") = "02.01 Extract Sentences by Keyword", "02.01 Extract Sentences by Keyword\02.01 Extract Sentences by Keyword.csproj", "{5249BB6E-28E9-49E4-8168-01813ED04730}"
EndProject
Global
	GlobalSection(SolutionConfigurationPlatforms) = preSolution
		Debug|Any CPU = Debug|Any CPU
		Release|Any CPU = Release|Any CPU
	EndGlobalSection
	GlobalSection(ProjectConfigurationPlatforms) = postSolution
		{4F40B811-369C-4368-B7C4-6978D0A6AE1F}.Debug|Any CPU.ActiveCfg = Debug|Any CPU
		{4F40B811-369C-4368-B7C4-6978D0A6AE1F}.Debug|Any CPU.Build.0 = Debug|Any CPU
		{4F40B811-369C-4368-B7C4-6978D0A6AE1F}.Release|Any CPU.ActiveCfg = Release|Any CPU
		{4F40B811-369C-4368-B7C4-6978D0A6AE1F}.Release|Any CPU.Build.0 = Release|Any CPU
		{C177C5B9-CBDA-47FF-B99C-A99A27FB1380}.Debug|Any CPU.ActiveCfg = Debug|Any CPU
		{C177C5B9-CBDA-47FF-B99C-A99A27FB1380}.Debug|Any CPU.Build.0 = Debug|Any CPU
		{C177C5B9-CBDA-47FF-B99C-A99A27FB1380}.Release|Any CPU.ActiveCfg = Release|Any CPU
		{C177C5B9-CBDA-47FF-B99C-A99A27FB1380}.Release|Any CPU.Build.0 = Release|Any CPU
		{398C30A9-7555-453A-BE07-ACFAEB32B2E6}.Debug|Any CPU.ActiveCfg = Debug|Any CPU
		{398C30A9-7555-453A-BE07-ACFAEB32B2E6}.Debug|Any CPU.Build.0 = Debug|Any CPU
		{398C30A9-7555-453A-BE07-ACFAEB32B2E6}.Release|Any CPU.ActiveCfg = Release|Any CPU
		{398C30A9-7555-453A-BE07-ACFAEB32B2E6}.Release|Any CPU.Build.0 = Release|Any CPU
		{BBFC2523-2F0E-4679-AEF2-5591441EA4D0}.Debug|Any CPU.ActiveCfg = Debug|Any CPU
		{BBFC2523-2F0E-4679-AEF2-5591441EA4D0}.Debug|Any CPU.Build.0 = Debug|Any CPU
		{BBFC2523-2F0E-4679-AEF2-5591441EA4D0}.Release|Any CPU.ActiveCfg = Release|Any CPU
		{BBFC2523-2F0E-4679-AEF2-5591441EA4D0}.Release|Any CPU.Build.0 = Release|Any CPU
		{2A05D9F8-EB57-476B-953C-71AFE8541F96}.Debug|Any CPU.ActiveCfg = Debug|Any CPU
		{2A05D9F8-EB57-476B-953C-71AFE8541F96}.Debug|Any CPU.Build.0 = Debug|Any CPU
		{2A05D9F8-EB57-476B-953C-71AFE8541F96}.Release|Any CPU.ActiveCfg = Release|Any CPU
		{2A05D9F8-EB57-476B-953C-71AFE8541F96}.Release|Any CPU.Build.0 = Release|Any CPU
		{135B85D8-B2D9-4E9D-A826-07585B37944B}.Debug|Any CPU.ActiveCfg = Debug|Any CPU
		{135B85D8-B2D9-4E9D-A826-07585B37944B}.Debug|Any CPU.Build.0 = Debug|Any CPU
		{135B85D8-B2D9-4E9D-A826-07585B37944B}.Release|Any CPU.ActiveCfg = Release|Any CPU
		{135B85D8-B2D9-4E9D-A826-07585B37944B}.Release|Any CPU.Build.0 = Release|Any CPU
		{06B37888-5028-423D-9749-9C9DD09EB534}.Debug|Any CPU.ActiveCfg = Debug|Any CPU
		{06B37888-5028-423D-9749-9C9DD09EB534}.Debug|Any CPU.Build.0 = Debug|Any CPU
		{06B37888-5028-423D-9749-9C9DD09EB534}.Release|Any CPU.ActiveCfg = Release|Any CPU
		{06B37888-5028-423D-9749-9C9DD09EB534}.Release|Any CPU.Build.0 = Release|Any CPU
		{00C5C9F1-D9E1-4110-AD85-BED4817EA58B}.Debug|Any CPU.ActiveCfg = Debug|Any CPU
		{00C5C9F1-D9E1-4110-AD85-BED4817EA58B}.Debug|Any CPU.Build.0 = Debug|Any CPU
		{00C5C9F1-D9E1-4110-AD85-BED4817EA58B}.Release|Any CPU.ActiveCfg = Release|Any CPU
		{00C5C9F1-D9E1-4110-AD85-BED4817EA58B}.Release|Any CPU.Build.0 = Release|Any CPU
		{66F5BF13-C86A-4DFE-A0C1-E7EAD9733E84}.Debug|Any CPU.ActiveCfg = Debug|Any CPU
		{66F5BF13-C86A-4DFE-A0C1-E7EAD9733E84}.Debug|Any CPU.Build.0 = Debug|Any CPU
		{66F5BF13-C86A-4DFE-A0C1-E7EAD9733E84}.Release|Any CPU.ActiveCfg = Release|Any CPU
		{66F5BF13-C86A-4DFE-A0C1-E7EAD9733E84}.Release|Any CPU.Build.0 = Release|Any CPU
		{29538DBC-7B20-4A44-9D50-F15F97EC7FEE}.Debug|Any CPU.ActiveCfg = Debug|Any CPU
		{29538DBC-7B20-4A44-9D50-F15F97EC7FEE}.Debug|Any CPU.Build.0 = Debug|Any CPU
		{29538DBC-7B20-4A44-9D50-F15F97EC7FEE}.Release|Any CPU.ActiveCfg = Release|Any CPU
		{29538DBC-7B20-4A44-9D50-F15F97EC7FEE}.Release|Any CPU.Build.0 = Release|Any CPU
		{5794907B-ACF9-4726-8535-58FEB65A175B}.Debug|Any CPU.ActiveCfg = Debug|Any CPU
		{5794907B-ACF9-4726-8535-58FEB65A175B}.Debug|Any CPU.Build.0 = Debug|Any CPU
		{5794907B-ACF9-4726-8535-58FEB65A175B}.Release|Any CPU.ActiveCfg = Release|Any CPU
		{5794907B-ACF9-4726-8535-58FEB65A175B}.Release|Any CPU.Build.0 = Release|Any CPU
		{91F8B20F-5FA3-4ADF-9D74-3207EBCACEC7}.Debug|Any CPU.ActiveCfg = Debug|Any CPU
		{91F8B20F-5FA3-4ADF-9D74-3207EBCACEC7}.Debug|Any CPU.Build.0 = Debug|Any CPU
		{91F8B20F-5FA3-4ADF-9D74-3207EBCACEC7}.Release|Any CPU.ActiveCfg = Release|Any CPU
		{91F8B20F-5FA3-4ADF-9D74-3207EBCACEC7}.Release|Any CPU.Build.0 = Release|Any CPU
		{C92E4822-6139-45C3-A757-ADF0C7373600}.Debug|Any CPU.ActiveCfg = Debug|Any CPU
		{C92E4822-6139-45C3-A757-ADF0C7373600}.Debug|Any CPU.Build.0 = Debug|Any CPU
		{C92E4822-6139-45C3-A757-ADF0C7373600}.Release|Any CPU.ActiveCfg = Release|Any CPU
		{C92E4822-6139-45C3-A757-ADF0C7373600}.Release|Any CPU.Build.0 = Release|Any CPU
		{86636D0E-E579-438B-B06A-67284FDE006A}.Debug|Any CPU.ActiveCfg = Debug|Any CPU
		{86636D0E-E579-438B-B06A-67284FDE006A}.Debug|Any CPU.Build.0 = Debug|Any CPU
		{86636D0E-E579-438B-B06A-67284FDE006A}.Release|Any CPU.ActiveCfg = Release|Any CPU
		{86636D0E-E579-438B-B06A-67284FDE006A}.Release|Any CPU.Build.0 = Release|Any CPU
		{D16500CC-3774-45CF-A4B2-8F0644C983DE}.Debug|Any CPU.ActiveCfg = Debug|Any CPU
		{D16500CC-3774-45CF-A4B2-8F0644C983DE}.Debug|Any CPU.Build.0 = Debug|Any CPU
		{D16500CC-3774-45CF-A4B2-8F0644C983DE}.Release|Any CPU.ActiveCfg = Release|Any CPU
		{D16500CC-3774-45CF-A4B2-8F0644C983DE}.Release|Any CPU.Build.0 = Release|Any CPU
		{5249BB6E-28E9-49E4-8168-01813ED04730}.Debug|Any CPU.ActiveCfg = Debug|Any CPU
		{5249BB6E-28E9-49E4-8168-01813ED04730}.Debug|Any CPU.Build.0 = Debug|Any CPU
		{5249BB6E-28E9-49E4-8168-01813ED04730}.Release|Any CPU.ActiveCfg = Release|Any CPU
		{5249BB6E-28E9-49E4-8168-01813ED04730}.Release|Any CPU.Build.0 = Release|Any CPU
	EndGlobalSection
	GlobalSection(SolutionProperties) = preSolution
		HideSolutionNode = FALSE
	EndGlobalSection
EndGlobal
