
Microsoft Visual Studio Solution File, Format Version 12.00
# Visual Studio 15
VisualStudioVersion = 15.0.26403.7
MinimumVisualStudioVersion = 10.0.40219.1
Project("{FAE04EC0-301F-11D3-BF4B-00C04F79EFBC}") = "02.00 Line Numbers", "02.00 Line Numbers\02.00 Line Numbers.csproj", "{3B47E296-3EAD-4C28-9B9E-3F2804A0B871}"
EndProject
Project("{FAE04EC0-301F-11D3-BF4B-00C04F79EFBC}") = "01.00 Odd Lines", "01.00 Odd Lines\01.00 Odd Lines.csproj", "{53D0D4E4-95BF-40CB-BE8B-E4A85D94BEFF}"
EndProject
Project("{FAE04EC0-301F-11D3-BF4B-00C04F79EFBC}") = "03.00 Word Count", "03.00 Word Count\03.00 Word Count.csproj", "{FBD9CBA0-474A-41CD-AEB3-E4E60976DA99}"
EndProject
Project("{FAE04EC0-301F-11D3-BF4B-00C04F79EFBC}") = "04.00 MergeFiles", "04.00 MergeFiles\04.00 MergeFiles.csproj", "{9CEA39AD-B549-4735-9B6B-6ADCB06E1A4B}"
EndProject
Project("{FAE04EC0-301F-11D3-BF4B-00C04F79EFBC}") = "05.00 FolderSize", "05.00 FolderSize\05.00 FolderSize.csproj", "{8C6F499F-BF0B-47C8-BF67-7BE228DBE0E3}"
EndProject
Global
	GlobalSection(SolutionConfigurationPlatforms) = preSolution
		Debug|Any CPU = Debug|Any CPU
		Release|Any CPU = Release|Any CPU
	EndGlobalSection
	GlobalSection(ProjectConfigurationPlatforms) = postSolution
		{3B47E296-3EAD-4C28-9B9E-3F2804A0B871}.Debug|Any CPU.ActiveCfg = Debug|Any CPU
		{3B47E296-3EAD-4C28-9B9E-3F2804A0B871}.Debug|Any CPU.Build.0 = Debug|Any CPU
		{3B47E296-3EAD-4C28-9B9E-3F2804A0B871}.Release|Any CPU.ActiveCfg = Release|Any CPU
		{3B47E296-3EAD-4C28-9B9E-3F2804A0B871}.Release|Any CPU.Build.0 = Release|Any CPU
		{53D0D4E4-95BF-40CB-BE8B-E4A85D94BEFF}.Debug|Any CPU.ActiveCfg = Debug|Any CPU
		{53D0D4E4-95BF-40CB-BE8B-E4A85D94BEFF}.Debug|Any CPU.Build.0 = Debug|Any CPU
		{53D0D4E4-95BF-40CB-BE8B-E4A85D94BEFF}.Release|Any CPU.ActiveCfg = Release|Any CPU
		{53D0D4E4-95BF-40CB-BE8B-E4A85D94BEFF}.Release|Any CPU.Build.0 = Release|Any CPU
		{FBD9CBA0-474A-41CD-AEB3-E4E60976DA99}.Debug|Any CPU.ActiveCfg = Debug|Any CPU
		{FBD9CBA0-474A-41CD-AEB3-E4E60976DA99}.Debug|Any CPU.Build.0 = Debug|Any CPU
		{FBD9CBA0-474A-41CD-AEB3-E4E60976DA99}.Release|Any CPU.ActiveCfg = Release|Any CPU
		{FBD9CBA0-474A-41CD-AEB3-E4E60976DA99}.Release|Any CPU.Build.0 = Release|Any CPU
		{9CEA39AD-B549-4735-9B6B-6ADCB06E1A4B}.Debug|Any CPU.ActiveCfg = Debug|Any CPU
		{9CEA39AD-B549-4735-9B6B-6ADCB06E1A4B}.Debug|Any CPU.Build.0 = Debug|Any CPU
		{9CEA39AD-B549-4735-9B6B-6ADCB06E1A4B}.Release|Any CPU.ActiveCfg = Release|Any CPU
		{9CEA39AD-B549-4735-9B6B-6ADCB06E1A4B}.Release|Any CPU.Build.0 = Release|Any CPU
		{8C6F499F-BF0B-47C8-BF67-7BE228DBE0E3}.Debug|Any CPU.ActiveCfg = Debug|Any CPU
		{8C6F499F-BF0B-47C8-BF67-7BE228DBE0E3}.Debug|Any CPU.Build.0 = Debug|Any CPU
		{8C6F499F-BF0B-47C8-BF67-7BE228DBE0E3}.Release|Any CPU.ActiveCfg = Release|Any CPU
		{8C6F499F-BF0B-47C8-BF67-7BE228DBE0E3}.Release|Any CPU.Build.0 = Release|Any CPU
	EndGlobalSection
	GlobalSection(SolutionProperties) = preSolution
		HideSolutionNode = FALSE
	EndGlobalSection
EndGlobal
