
Microsoft Visual Studio Solution File, Format Version 12.00
# Visual Studio 15
VisualStudioVersion = 15.0.26403.7
MinimumVisualStudioVersion = 10.0.40219.1
Project("{FAE04EC0-301F-11D3-BF4B-00C04F79EFBC}") = "01. 00 Last 3 Consecutive Equal Stri", "01. 00 Last 3 Consecutive Equal Stri\01. 00 Last 3 Consecutive Equal Stri.csproj", "{6DE8B8E4-DCEE-4516-9B49-ADC72D19A89F}"
EndProject
Project("{FAE04EC0-301F-11D3-BF4B-00C04F79EFBC}") = "02.00 Array Elements Equal to Their Index", "02.00 Array Elements Equal to\02.00 Array Elements Equal to Their Index.csproj", "{90927F4A-63FE-4521-A911-8B4E23839BA5}"
EndProject
Project("{FAE04EC0-301F-11D3-BF4B-00C04F79EFBC}") = "03.00 Phonebook", "03.00 Phonebook\03.00 Phonebook.csproj", "{C860F90B-07B1-42B5-8FEB-9F2A92EA9A35}"
EndProject
Project("{FAE04EC0-301F-11D3-BF4B-00C04F79EFBC}") = "03.01 Phonebook", "03.01 Phonebook\03.01 Phonebook.csproj", "{24BDFB2B-83D3-44FC-A055-1AFF7B0CB496}"
EndProject
Project("{FAE04EC0-301F-11D3-BF4B-00C04F79EFBC}") = "04.00 Phone", "04.00 Phone\04.00 Phone.csproj", "{1EEA934F-1F77-4383-B926-0F758C55FBA8}"
EndProject
Project("{FAE04EC0-301F-11D3-BF4B-00C04F79EFBC}") = "04.01 Phone", "04.01 Phone\04.01 Phone.csproj", "{2FFA12B9-4A9D-4F41-9601-E2E98893B042}"
EndProject
Project("{FAE04EC0-301F-11D3-BF4B-00C04F79EFBC}") = "04.02 Phone", "04.02 Phone\04.02 Phone.csproj", "{7C5A2130-F46A-4A66-ABFA-3DCBC8130FD4}"
EndProject
Project("{FAE04EC0-301F-11D3-BF4B-00C04F79EFBC}") = "04.03 Phone", "04.03 Phone\04.03 Phone.csproj", "{DCC83D09-7D67-4CBF-9D78-85F9B1391C6F}"
EndProject
Project("{FAE04EC0-301F-11D3-BF4B-00C04F79EFBC}") = "05.00 Char Rotation", "05.00 Char Rotation\05.00 Char Rotation.csproj", "{BBF44088-5E4C-43F1-8113-361EB1D17549}"
EndProject
Project("{FAE04EC0-301F-11D3-BF4B-00C04F79EFBC}") = "05.01 Char Rotation", "05.01 Char Rotation\05.01 Char Rotation.csproj", "{4866FF78-F598-4767-9E46-C8D52D895289}"
EndProject
Project("{FAE04EC0-301F-11D3-BF4B-00C04F79EFBC}") = "06.00  Power Plants", "06.00  Power Plants\06.00  Power Plants.csproj", "{90DEC152-6CB4-4276-B290-79ECA4782B06}"
EndProject
Project("{FAE04EC0-301F-11D3-BF4B-00C04F79EFBC}") = "07.00 Resizable Array", "07.00 Resizable Array\07.00 Resizable Array.csproj", "{79ACD564-0955-458E-A938-909E47E0F2C0}"
EndProject
Global
	GlobalSection(SolutionConfigurationPlatforms) = preSolution
		Debug|Any CPU = Debug|Any CPU
		Release|Any CPU = Release|Any CPU
	EndGlobalSection
	GlobalSection(ProjectConfigurationPlatforms) = postSolution
		{6DE8B8E4-DCEE-4516-9B49-ADC72D19A89F}.Debug|Any CPU.ActiveCfg = Debug|Any CPU
		{6DE8B8E4-DCEE-4516-9B49-ADC72D19A89F}.Debug|Any CPU.Build.0 = Debug|Any CPU
		{6DE8B8E4-DCEE-4516-9B49-ADC72D19A89F}.Release|Any CPU.ActiveCfg = Release|Any CPU
		{6DE8B8E4-DCEE-4516-9B49-ADC72D19A89F}.Release|Any CPU.Build.0 = Release|Any CPU
		{90927F4A-63FE-4521-A911-8B4E23839BA5}.Debug|Any CPU.ActiveCfg = Debug|Any CPU
		{90927F4A-63FE-4521-A911-8B4E23839BA5}.Debug|Any CPU.Build.0 = Debug|Any CPU
		{90927F4A-63FE-4521-A911-8B4E23839BA5}.Release|Any CPU.ActiveCfg = Release|Any CPU
		{90927F4A-63FE-4521-A911-8B4E23839BA5}.Release|Any CPU.Build.0 = Release|Any CPU
		{C860F90B-07B1-42B5-8FEB-9F2A92EA9A35}.Debug|Any CPU.ActiveCfg = Debug|Any CPU
		{C860F90B-07B1-42B5-8FEB-9F2A92EA9A35}.Debug|Any CPU.Build.0 = Debug|Any CPU
		{C860F90B-07B1-42B5-8FEB-9F2A92EA9A35}.Release|Any CPU.ActiveCfg = Release|Any CPU
		{C860F90B-07B1-42B5-8FEB-9F2A92EA9A35}.Release|Any CPU.Build.0 = Release|Any CPU
		{24BDFB2B-83D3-44FC-A055-1AFF7B0CB496}.Debug|Any CPU.ActiveCfg = Debug|Any CPU
		{24BDFB2B-83D3-44FC-A055-1AFF7B0CB496}.Debug|Any CPU.Build.0 = Debug|Any CPU
		{24BDFB2B-83D3-44FC-A055-1AFF7B0CB496}.Release|Any CPU.ActiveCfg = Release|Any CPU
		{24BDFB2B-83D3-44FC-A055-1AFF7B0CB496}.Release|Any CPU.Build.0 = Release|Any CPU
		{1EEA934F-1F77-4383-B926-0F758C55FBA8}.Debug|Any CPU.ActiveCfg = Debug|Any CPU
		{1EEA934F-1F77-4383-B926-0F758C55FBA8}.Debug|Any CPU.Build.0 = Debug|Any CPU
		{1EEA934F-1F77-4383-B926-0F758C55FBA8}.Release|Any CPU.ActiveCfg = Release|Any CPU
		{1EEA934F-1F77-4383-B926-0F758C55FBA8}.Release|Any CPU.Build.0 = Release|Any CPU
		{2FFA12B9-4A9D-4F41-9601-E2E98893B042}.Debug|Any CPU.ActiveCfg = Debug|Any CPU
		{2FFA12B9-4A9D-4F41-9601-E2E98893B042}.Debug|Any CPU.Build.0 = Debug|Any CPU
		{2FFA12B9-4A9D-4F41-9601-E2E98893B042}.Release|Any CPU.ActiveCfg = Release|Any CPU
		{2FFA12B9-4A9D-4F41-9601-E2E98893B042}.Release|Any CPU.Build.0 = Release|Any CPU
		{7C5A2130-F46A-4A66-ABFA-3DCBC8130FD4}.Debug|Any CPU.ActiveCfg = Debug|Any CPU
		{7C5A2130-F46A-4A66-ABFA-3DCBC8130FD4}.Debug|Any CPU.Build.0 = Debug|Any CPU
		{7C5A2130-F46A-4A66-ABFA-3DCBC8130FD4}.Release|Any CPU.ActiveCfg = Release|Any CPU
		{7C5A2130-F46A-4A66-ABFA-3DCBC8130FD4}.Release|Any CPU.Build.0 = Release|Any CPU
		{DCC83D09-7D67-4CBF-9D78-85F9B1391C6F}.Debug|Any CPU.ActiveCfg = Debug|Any CPU
		{DCC83D09-7D67-4CBF-9D78-85F9B1391C6F}.Debug|Any CPU.Build.0 = Debug|Any CPU
		{DCC83D09-7D67-4CBF-9D78-85F9B1391C6F}.Release|Any CPU.ActiveCfg = Release|Any CPU
		{DCC83D09-7D67-4CBF-9D78-85F9B1391C6F}.Release|Any CPU.Build.0 = Release|Any CPU
		{BBF44088-5E4C-43F1-8113-361EB1D17549}.Debug|Any CPU.ActiveCfg = Debug|Any CPU
		{BBF44088-5E4C-43F1-8113-361EB1D17549}.Debug|Any CPU.Build.0 = Debug|Any CPU
		{BBF44088-5E4C-43F1-8113-361EB1D17549}.Release|Any CPU.ActiveCfg = Release|Any CPU
		{BBF44088-5E4C-43F1-8113-361EB1D17549}.Release|Any CPU.Build.0 = Release|Any CPU
		{4866FF78-F598-4767-9E46-C8D52D895289}.Debug|Any CPU.ActiveCfg = Debug|Any CPU
		{4866FF78-F598-4767-9E46-C8D52D895289}.Debug|Any CPU.Build.0 = Debug|Any CPU
		{4866FF78-F598-4767-9E46-C8D52D895289}.Release|Any CPU.ActiveCfg = Release|Any CPU
		{4866FF78-F598-4767-9E46-C8D52D895289}.Release|Any CPU.Build.0 = Release|Any CPU
		{90DEC152-6CB4-4276-B290-79ECA4782B06}.Debug|Any CPU.ActiveCfg = Debug|Any CPU
		{90DEC152-6CB4-4276-B290-79ECA4782B06}.Debug|Any CPU.Build.0 = Debug|Any CPU
		{90DEC152-6CB4-4276-B290-79ECA4782B06}.Release|Any CPU.ActiveCfg = Release|Any CPU
		{90DEC152-6CB4-4276-B290-79ECA4782B06}.Release|Any CPU.Build.0 = Release|Any CPU
		{79ACD564-0955-458E-A938-909E47E0F2C0}.Debug|Any CPU.ActiveCfg = Debug|Any CPU
		{79ACD564-0955-458E-A938-909E47E0F2C0}.Debug|Any CPU.Build.0 = Debug|Any CPU
		{79ACD564-0955-458E-A938-909E47E0F2C0}.Release|Any CPU.ActiveCfg = Release|Any CPU
		{79ACD564-0955-458E-A938-909E47E0F2C0}.Release|Any CPU.Build.0 = Release|Any CPU
	EndGlobalSection
	GlobalSection(SolutionProperties) = preSolution
		HideSolutionNode = FALSE
	EndGlobalSection
EndGlobal
